// !$*UTF8*$!
{
	archiveVersion = 1;
	classes = {
	};
	objectVersion = 56;
	objects = {

/* Begin PBXBuildFile section */
		1515ABDB2B0C312A007351D0 /* FirebaseDynamicLinks in Frameworks */ = {isa = PBXBuildFile; productRef = 1515ABDA2B0C312A007351D0 /* FirebaseDynamicLinks */; };
		1515ABDF2B0C53FB007351D0 /* ColorPickerView.swift in Sources */ = {isa = PBXBuildFile; fileRef = 1515ABDE2B0C53FB007351D0 /* ColorPickerView.swift */; };
		1515ABE12B0D22AF007351D0 /* Env.swift in Sources */ = {isa = PBXBuildFile; fileRef = 1515ABE02B0D22AF007351D0 /* Env.swift */; };
		1520C5FF2ACE2FBD000E918C /* Keychain.swift in Sources */ = {isa = PBXBuildFile; fileRef = 1520C5FE2ACE2FBD000E918C /* Keychain.swift */; };
		1520C6022ACE32A8000E918C /* SwiftMessages in Frameworks */ = {isa = PBXBuildFile; productRef = 1520C6012ACE32A8000E918C /* SwiftMessages */; };
		153409B62B02D03800DC8344 /* SharedTimer.swift in Sources */ = {isa = PBXBuildFile; fileRef = 153409B52B02D03800DC8344 /* SharedTimer.swift */; };
		1544F9E82A93A9F6002A74C9 /* RemoteImageView.swift in Sources */ = {isa = PBXBuildFile; fileRef = 1544F9E72A93A9F6002A74C9 /* RemoteImageView.swift */; };
		1544F9EA2A93AE31002A74C9 /* WatchProvider.swift in Sources */ = {isa = PBXBuildFile; fileRef = 1544F9E92A93AE31002A74C9 /* WatchProvider.swift */; };
		1544F9EC2A93E42C002A74C9 /* WatchProvidersView.swift in Sources */ = {isa = PBXBuildFile; fileRef = 1544F9EB2A93E42C002A74C9 /* WatchProvidersView.swift */; };
		154950E92A8ACF0F00C80CCD /* WatchlistrApp.swift in Sources */ = {isa = PBXBuildFile; fileRef = 154950E82A8ACF0F00C80CCD /* WatchlistrApp.swift */; };
		154950EB2A8ACF0F00C80CCD /* ContentView.swift in Sources */ = {isa = PBXBuildFile; fileRef = 154950EA2A8ACF0F00C80CCD /* ContentView.swift */; };
		154950ED2A8ACF1000C80CCD /* Assets.xcassets in Resources */ = {isa = PBXBuildFile; fileRef = 154950EC2A8ACF1000C80CCD /* Assets.xcassets */; };
		154950F02A8ACF1000C80CCD /* Preview Assets.xcassets in Resources */ = {isa = PBXBuildFile; fileRef = 154950EF2A8ACF1000C80CCD /* Preview Assets.xcassets */; };
		154951032A8ACFE900C80CCD /* AuthViewModel.swift in Sources */ = {isa = PBXBuildFile; fileRef = 154951022A8ACFE900C80CCD /* AuthViewModel.swift */; };
		1549510A2A8AD38800C80CCD /* tvshow_info.json in Resources */ = {isa = PBXBuildFile; fileRef = 154951042A8AD38800C80CCD /* tvshow_info.json */; };
		1549510B2A8AD38800C80CCD /* search_movie.json in Resources */ = {isa = PBXBuildFile; fileRef = 154951052A8AD38800C80CCD /* search_movie.json */; };
		1549510C2A8AD38800C80CCD /* movie_list.json in Resources */ = {isa = PBXBuildFile; fileRef = 154951062A8AD38800C80CCD /* movie_list.json */; };
		1549510D2A8AD38800C80CCD /* movie_info.json in Resources */ = {isa = PBXBuildFile; fileRef = 154951072A8AD38800C80CCD /* movie_info.json */; };
		1549510E2A8AD38800C80CCD /* search_tvshow.json in Resources */ = {isa = PBXBuildFile; fileRef = 154951082A8AD38800C80CCD /* search_tvshow.json */; };
		1549510F2A8AD38800C80CCD /* tvshow_list.json in Resources */ = {isa = PBXBuildFile; fileRef = 154951092A8AD38800C80CCD /* tvshow_list.json */; };
		154951112A8AD3C100C80CCD /* DateUtils.swift in Sources */ = {isa = PBXBuildFile; fileRef = 154951102A8AD3C100C80CCD /* DateUtils.swift */; };
		154951132A8AD3D400C80CCD /* WatchlistrStore.swift in Sources */ = {isa = PBXBuildFile; fileRef = 154951122A8AD3D400C80CCD /* WatchlistrStore.swift */; };
		154951152A8AD3DF00C80CCD /* WatchlistrServices.swift in Sources */ = {isa = PBXBuildFile; fileRef = 154951142A8AD3DF00C80CCD /* WatchlistrServices.swift */; };
		154951172A8AD3F200C80CCD /* DataFetchPhase.swift in Sources */ = {isa = PBXBuildFile; fileRef = 154951162A8AD3F200C80CCD /* DataFetchPhase.swift */; };
		154951192A8AD4B000C80CCD /* ImageLoader.swift in Sources */ = {isa = PBXBuildFile; fileRef = 154951182A8AD4B000C80CCD /* ImageLoader.swift */; };
		1549511B2A8AD4C400C80CCD /* WatchlistrDetailState.swift in Sources */ = {isa = PBXBuildFile; fileRef = 1549511A2A8AD4C400C80CCD /* WatchlistrDetailState.swift */; };
		1549511D2A8AD4CE00C80CCD /* WatchlistrListState.swift in Sources */ = {isa = PBXBuildFile; fileRef = 1549511C2A8AD4CE00C80CCD /* WatchlistrListState.swift */; };
		1549511F2A8AD4DA00C80CCD /* WatchlistrHomeState.swift in Sources */ = {isa = PBXBuildFile; fileRef = 1549511E2A8AD4DA00C80CCD /* WatchlistrHomeState.swift */; };
		154951212A8AD4E400C80CCD /* WatchlistrSearchState.swift in Sources */ = {isa = PBXBuildFile; fileRef = 154951202A8AD4E400C80CCD /* WatchlistrSearchState.swift */; };
		154951282A8AD5B700C80CCD /* RetryView.swift in Sources */ = {isa = PBXBuildFile; fileRef = 154951272A8AD5B700C80CCD /* RetryView.swift */; };
		1549512A2A8AD5C500C80CCD /* EmptyPlaceholderView.swift in Sources */ = {isa = PBXBuildFile; fileRef = 154951292A8AD5C500C80CCD /* EmptyPlaceholderView.swift */; };
		1549512C2A8AD5DF00C80CCD /* DataFetchPhaseOverlayView.swift in Sources */ = {isa = PBXBuildFile; fileRef = 1549512B2A8AD5DF00C80CCD /* DataFetchPhaseOverlayView.swift */; };
		154951302A8AD63900C80CCD /* ActivityIndicatorView.swift in Sources */ = {isa = PBXBuildFile; fileRef = 1549512F2A8AD63900C80CCD /* ActivityIndicatorView.swift */; };
		154951322A8AD64400C80CCD /* SafariView.swift in Sources */ = {isa = PBXBuildFile; fileRef = 154951312A8AD64400C80CCD /* SafariView.swift */; };
		154951342A8AD64D00C80CCD /* SearchBarView.swift in Sources */ = {isa = PBXBuildFile; fileRef = 154951332A8AD64D00C80CCD /* SearchBarView.swift */; };
		154951382A8AD6B100C80CCD /* TVShowTabView.swift in Sources */ = {isa = PBXBuildFile; fileRef = 154951372A8AD6B100C80CCD /* TVShowTabView.swift */; };
		1549513A2A8AD6BC00C80CCD /* MovieTabView.swift in Sources */ = {isa = PBXBuildFile; fileRef = 154951392A8AD6BC00C80CCD /* MovieTabView.swift */; };
		1549513E2A8AD73F00C80CCD /* TVShowThumbnailView.swift in Sources */ = {isa = PBXBuildFile; fileRef = 1549513D2A8AD73F00C80CCD /* TVShowThumbnailView.swift */; };
		154951402A8AD74C00C80CCD /* MovieThumbnailView.swift in Sources */ = {isa = PBXBuildFile; fileRef = 1549513F2A8AD74C00C80CCD /* MovieThumbnailView.swift */; };
		154951422A8AD75B00C80CCD /* TVShowThumbnailCarouselView.swift in Sources */ = {isa = PBXBuildFile; fileRef = 154951412A8AD75B00C80CCD /* TVShowThumbnailCarouselView.swift */; };
		154951442A8AD76400C80CCD /* MovieThumbnailCarouselView.swift in Sources */ = {isa = PBXBuildFile; fileRef = 154951432A8AD76400C80CCD /* MovieThumbnailCarouselView.swift */; };
		1549514A2A8AD79100C80CCD /* TVShowDetailView.swift in Sources */ = {isa = PBXBuildFile; fileRef = 154951492A8AD79100C80CCD /* TVShowDetailView.swift */; };
		1549514C2A8AD79D00C80CCD /* MovieDetailView.swift in Sources */ = {isa = PBXBuildFile; fileRef = 1549514B2A8AD79D00C80CCD /* MovieDetailView.swift */; };
		1549514E2A8AD83400C80CCD /* User.swift in Sources */ = {isa = PBXBuildFile; fileRef = 1549514D2A8AD83400C80CCD /* User.swift */; };
		154951512A8AD85F00C80CCD /* Movie.swift in Sources */ = {isa = PBXBuildFile; fileRef = 154951502A8AD85F00C80CCD /* Movie.swift */; };
		154951532A8AD86600C80CCD /* TVShow.swift in Sources */ = {isa = PBXBuildFile; fileRef = 154951522A8AD86600C80CCD /* TVShow.swift */; };
		154951552A8AD87A00C80CCD /* Stubs.swift in Sources */ = {isa = PBXBuildFile; fileRef = 154951542A8AD87A00C80CCD /* Stubs.swift */; };
		154951572A8AD88600C80CCD /* Sections.swift in Sources */ = {isa = PBXBuildFile; fileRef = 154951562A8AD88600C80CCD /* Sections.swift */; };
		154951592A8AD8E100C80CCD /* LoginView.swift in Sources */ = {isa = PBXBuildFile; fileRef = 154951582A8AD8E100C80CCD /* LoginView.swift */; };
		1549515B2A8AD8EB00C80CCD /* SignupView.swift in Sources */ = {isa = PBXBuildFile; fileRef = 1549515A2A8AD8EB00C80CCD /* SignupView.swift */; };
		1549515D2A8AD8F500C80CCD /* ForgotPassView.swift in Sources */ = {isa = PBXBuildFile; fileRef = 1549515C2A8AD8F500C80CCD /* ForgotPassView.swift */; };
		1549515F2A8AD8FF00C80CCD /* ChangePassView.swift in Sources */ = {isa = PBXBuildFile; fileRef = 1549515E2A8AD8FF00C80CCD /* ChangePassView.swift */; };
		154951612A8AD95A00C80CCD /* AuthInputView.swift in Sources */ = {isa = PBXBuildFile; fileRef = 154951602A8AD95A00C80CCD /* AuthInputView.swift */; };
		154951632A8AD96B00C80CCD /* SettingsRowView.swift in Sources */ = {isa = PBXBuildFile; fileRef = 154951622A8AD96B00C80CCD /* SettingsRowView.swift */; };
		154951652A8AD97A00C80CCD /* ButtonView.swift in Sources */ = {isa = PBXBuildFile; fileRef = 154951642A8AD97A00C80CCD /* ButtonView.swift */; };
		154951672A8ADA4900C80CCD /* GoogleService-Info.plist in Resources */ = {isa = PBXBuildFile; fileRef = 154951662A8ADA4900C80CCD /* GoogleService-Info.plist */; };
		1549516A2A8ADAAF00C80CCD /* FirebaseAuth in Frameworks */ = {isa = PBXBuildFile; productRef = 154951692A8ADAAF00C80CCD /* FirebaseAuth */; };
		1549516C2A8ADAAF00C80CCD /* FirebaseDatabase in Frameworks */ = {isa = PBXBuildFile; productRef = 1549516B2A8ADAAF00C80CCD /* FirebaseDatabase */; };
		1549516E2A8ADAAF00C80CCD /* FirebaseDatabaseSwift in Frameworks */ = {isa = PBXBuildFile; productRef = 1549516D2A8ADAAF00C80CCD /* FirebaseDatabaseSwift */; };
		154951702A8ADAAF00C80CCD /* FirebaseFirestore in Frameworks */ = {isa = PBXBuildFile; productRef = 1549516F2A8ADAAF00C80CCD /* FirebaseFirestore */; };
		154951722A8ADAAF00C80CCD /* FirebaseFirestoreSwift in Frameworks */ = {isa = PBXBuildFile; productRef = 154951712A8ADAAF00C80CCD /* FirebaseFirestoreSwift */; };
		154951742A8ADAAF00C80CCD /* FirebaseStorage in Frameworks */ = {isa = PBXBuildFile; productRef = 154951732A8ADAAF00C80CCD /* FirebaseStorage */; };
		154951762A8AEC3300C80CCD /* ProfileTabView.swift in Sources */ = {isa = PBXBuildFile; fileRef = 154951752A8AEC3300C80CCD /* ProfileTabView.swift */; };
		155154922AEE434B005D0B77 /* AppLogosBy.swift in Sources */ = {isa = PBXBuildFile; fileRef = 155154912AEE434B005D0B77 /* AppLogosBy.swift */; };
		157516352AE46347002AD960 /* ScheduledNotificationsView.swift in Sources */ = {isa = PBXBuildFile; fileRef = 157516342AE46347002AD960 /* ScheduledNotificationsView.swift */; };
		157516372AE46C7D002AD960 /* EpisodeListView.swift in Sources */ = {isa = PBXBuildFile; fileRef = 157516362AE46C7D002AD960 /* EpisodeListView.swift */; };
		1577F64C2AF97D4500ADBDB4 /* UserInfoRow.swift in Sources */ = {isa = PBXBuildFile; fileRef = 1577F64B2AF97D4500ADBDB4 /* UserInfoRow.swift */; };
		157D836E2AFE7AD800473226 /* DateTimePickerView.swift in Sources */ = {isa = PBXBuildFile; fileRef = 157D836D2AFE7AD800473226 /* DateTimePickerView.swift */; };
		157D83742AFEDE0700473226 /* DeleteAccView.swift in Sources */ = {isa = PBXBuildFile; fileRef = 157D83732AFEDE0700473226 /* DeleteAccView.swift */; };
		157D83762AFF05F000473226 /* Devices.swift in Sources */ = {isa = PBXBuildFile; fileRef = 157D83752AFF05F000473226 /* Devices.swift */; };
		157E40E12A8C115A006CC1CC /* MovieWatchlist.swift in Sources */ = {isa = PBXBuildFile; fileRef = 157E40E02A8C115A006CC1CC /* MovieWatchlist.swift */; };
		157E40E32A8C12B2006CC1CC /* TVShowWatchlist.swift in Sources */ = {isa = PBXBuildFile; fileRef = 157E40E22A8C12B2006CC1CC /* TVShowWatchlist.swift */; };
		157E40E52A8C138F006CC1CC /* WatchlistState.swift in Sources */ = {isa = PBXBuildFile; fileRef = 157E40E42A8C138F006CC1CC /* WatchlistState.swift */; };
		157E40E82A8C1AE8006CC1CC /* MovieWatchlistView.swift in Sources */ = {isa = PBXBuildFile; fileRef = 157E40E72A8C1AE8006CC1CC /* MovieWatchlistView.swift */; };
		157E40EA2A8C2A61006CC1CC /* TVShowWatchlistView.swift in Sources */ = {isa = PBXBuildFile; fileRef = 157E40E92A8C2A61006CC1CC /* TVShowWatchlistView.swift */; };
		15B124B42AF145570024B7D5 /* WatchlistMovieRowView.swift in Sources */ = {isa = PBXBuildFile; fileRef = 15B124B32AF145570024B7D5 /* WatchlistMovieRowView.swift */; };
		15B124B62AF145790024B7D5 /* WatchlistTVShowRowView.swift in Sources */ = {isa = PBXBuildFile; fileRef = 15B124B52AF145790024B7D5 /* WatchlistTVShowRowView.swift */; };
		15B124BA2AF472C50024B7D5 /* ChangeEmailView.swift in Sources */ = {isa = PBXBuildFile; fileRef = 15B124B92AF472C50024B7D5 /* ChangeEmailView.swift */; };
		15B124BC2AF47ABD0024B7D5 /* BackgroundImages.swift in Sources */ = {isa = PBXBuildFile; fileRef = 15B124BB2AF47ABD0024B7D5 /* BackgroundImages.swift */; };
		15BE5A012AF86F6000DA3E2D /* ImagePicker.swift in Sources */ = {isa = PBXBuildFile; fileRef = 15BE5A002AF86F6000DA3E2D /* ImagePicker.swift */; };
		15BE5A042AF87DF100DA3E2D /* CropViewController in Frameworks */ = {isa = PBXBuildFile; productRef = 15BE5A032AF87DF100DA3E2D /* CropViewController */; };
		15BE5A062AF87DF100DA3E2D /* TOCropViewController in Frameworks */ = {isa = PBXBuildFile; productRef = 15BE5A052AF87DF100DA3E2D /* TOCropViewController */; };
		15CB75542AD1092200FD221C /* SwiftMessage.swift in Sources */ = {isa = PBXBuildFile; fileRef = 15CB75532AD1092200FD221C /* SwiftMessage.swift */; };
		15D4280D2B00733300617053 /* ColorPicker.swift in Sources */ = {isa = PBXBuildFile; fileRef = 15D4280C2B00733300617053 /* ColorPicker.swift */; };
		15EA75932AEDD10400B0557B /* digital-beeping.caf in Resources */ = {isa = PBXBuildFile; fileRef = 15EA75922AEDD10400B0557B /* digital-beeping.caf */; };
/* End PBXBuildFile section */

/* Begin PBXFileReference section */
		1515ABDE2B0C53FB007351D0 /* ColorPickerView.swift */ = {isa = PBXFileReference; lastKnownFileType = sourcecode.swift; path = ColorPickerView.swift; sourceTree = "<group>"; };
		1515ABE02B0D22AF007351D0 /* Env.swift */ = {isa = PBXFileReference; lastKnownFileType = sourcecode.swift; path = Env.swift; sourceTree = "<group>"; };
		1520C5FE2ACE2FBD000E918C /* Keychain.swift */ = {isa = PBXFileReference; lastKnownFileType = sourcecode.swift; path = Keychain.swift; sourceTree = "<group>"; };
		153409B52B02D03800DC8344 /* SharedTimer.swift */ = {isa = PBXFileReference; lastKnownFileType = sourcecode.swift; path = SharedTimer.swift; sourceTree = "<group>"; };
		1544F9E72A93A9F6002A74C9 /* RemoteImageView.swift */ = {isa = PBXFileReference; lastKnownFileType = sourcecode.swift; path = RemoteImageView.swift; sourceTree = "<group>"; };
		1544F9E92A93AE31002A74C9 /* WatchProvider.swift */ = {isa = PBXFileReference; lastKnownFileType = sourcecode.swift; path = WatchProvider.swift; sourceTree = "<group>"; };
		1544F9EB2A93E42C002A74C9 /* WatchProvidersView.swift */ = {isa = PBXFileReference; lastKnownFileType = sourcecode.swift; path = WatchProvidersView.swift; sourceTree = "<group>"; };
		154950E52A8ACF0F00C80CCD /* Watchlistr.app */ = {isa = PBXFileReference; explicitFileType = wrapper.application; includeInIndex = 0; path = Watchlistr.app; sourceTree = BUILT_PRODUCTS_DIR; };
		154950E82A8ACF0F00C80CCD /* WatchlistrApp.swift */ = {isa = PBXFileReference; lastKnownFileType = sourcecode.swift; path = WatchlistrApp.swift; sourceTree = "<group>"; };
		154950EA2A8ACF0F00C80CCD /* ContentView.swift */ = {isa = PBXFileReference; lastKnownFileType = sourcecode.swift; path = ContentView.swift; sourceTree = "<group>"; };
		154950EC2A8ACF1000C80CCD /* Assets.xcassets */ = {isa = PBXFileReference; lastKnownFileType = folder.assetcatalog; path = Assets.xcassets; sourceTree = "<group>"; };
		154950EF2A8ACF1000C80CCD /* Preview Assets.xcassets */ = {isa = PBXFileReference; lastKnownFileType = folder.assetcatalog; path = "Preview Assets.xcassets"; sourceTree = "<group>"; };
		154951022A8ACFE900C80CCD /* AuthViewModel.swift */ = {isa = PBXFileReference; lastKnownFileType = sourcecode.swift; path = AuthViewModel.swift; sourceTree = "<group>"; };
		154951042A8AD38800C80CCD /* tvshow_info.json */ = {isa = PBXFileReference; fileEncoding = 4; lastKnownFileType = text.json; path = tvshow_info.json; sourceTree = "<group>"; };
		154951052A8AD38800C80CCD /* search_movie.json */ = {isa = PBXFileReference; fileEncoding = 4; lastKnownFileType = text.json; path = search_movie.json; sourceTree = "<group>"; };
		154951062A8AD38800C80CCD /* movie_list.json */ = {isa = PBXFileReference; fileEncoding = 4; lastKnownFileType = text.json; path = movie_list.json; sourceTree = "<group>"; };
		154951072A8AD38800C80CCD /* movie_info.json */ = {isa = PBXFileReference; fileEncoding = 4; lastKnownFileType = text.json; path = movie_info.json; sourceTree = "<group>"; };
		154951082A8AD38800C80CCD /* search_tvshow.json */ = {isa = PBXFileReference; fileEncoding = 4; lastKnownFileType = text.json; path = search_tvshow.json; sourceTree = "<group>"; };
		154951092A8AD38800C80CCD /* tvshow_list.json */ = {isa = PBXFileReference; fileEncoding = 4; lastKnownFileType = text.json; path = tvshow_list.json; sourceTree = "<group>"; };
		154951102A8AD3C100C80CCD /* DateUtils.swift */ = {isa = PBXFileReference; lastKnownFileType = sourcecode.swift; path = DateUtils.swift; sourceTree = "<group>"; };
		154951122A8AD3D400C80CCD /* WatchlistrStore.swift */ = {isa = PBXFileReference; lastKnownFileType = sourcecode.swift; path = WatchlistrStore.swift; sourceTree = "<group>"; };
		154951142A8AD3DF00C80CCD /* WatchlistrServices.swift */ = {isa = PBXFileReference; lastKnownFileType = sourcecode.swift; path = WatchlistrServices.swift; sourceTree = "<group>"; };
		154951162A8AD3F200C80CCD /* DataFetchPhase.swift */ = {isa = PBXFileReference; lastKnownFileType = sourcecode.swift; path = DataFetchPhase.swift; sourceTree = "<group>"; };
		154951182A8AD4B000C80CCD /* ImageLoader.swift */ = {isa = PBXFileReference; lastKnownFileType = sourcecode.swift; path = ImageLoader.swift; sourceTree = "<group>"; };
		1549511A2A8AD4C400C80CCD /* WatchlistrDetailState.swift */ = {isa = PBXFileReference; lastKnownFileType = sourcecode.swift; path = WatchlistrDetailState.swift; sourceTree = "<group>"; };
		1549511C2A8AD4CE00C80CCD /* WatchlistrListState.swift */ = {isa = PBXFileReference; lastKnownFileType = sourcecode.swift; path = WatchlistrListState.swift; sourceTree = "<group>"; };
		1549511E2A8AD4DA00C80CCD /* WatchlistrHomeState.swift */ = {isa = PBXFileReference; lastKnownFileType = sourcecode.swift; path = WatchlistrHomeState.swift; sourceTree = "<group>"; };
		154951202A8AD4E400C80CCD /* WatchlistrSearchState.swift */ = {isa = PBXFileReference; lastKnownFileType = sourcecode.swift; path = WatchlistrSearchState.swift; sourceTree = "<group>"; };
		154951272A8AD5B700C80CCD /* RetryView.swift */ = {isa = PBXFileReference; lastKnownFileType = sourcecode.swift; path = RetryView.swift; sourceTree = "<group>"; };
		154951292A8AD5C500C80CCD /* EmptyPlaceholderView.swift */ = {isa = PBXFileReference; lastKnownFileType = sourcecode.swift; path = EmptyPlaceholderView.swift; sourceTree = "<group>"; };
		1549512B2A8AD5DF00C80CCD /* DataFetchPhaseOverlayView.swift */ = {isa = PBXFileReference; lastKnownFileType = sourcecode.swift; path = DataFetchPhaseOverlayView.swift; sourceTree = "<group>"; };
		1549512F2A8AD63900C80CCD /* ActivityIndicatorView.swift */ = {isa = PBXFileReference; lastKnownFileType = sourcecode.swift; path = ActivityIndicatorView.swift; sourceTree = "<group>"; };
		154951312A8AD64400C80CCD /* SafariView.swift */ = {isa = PBXFileReference; lastKnownFileType = sourcecode.swift; path = SafariView.swift; sourceTree = "<group>"; };
		154951332A8AD64D00C80CCD /* SearchBarView.swift */ = {isa = PBXFileReference; lastKnownFileType = sourcecode.swift; path = SearchBarView.swift; sourceTree = "<group>"; };
		154951372A8AD6B100C80CCD /* TVShowTabView.swift */ = {isa = PBXFileReference; lastKnownFileType = sourcecode.swift; path = TVShowTabView.swift; sourceTree = "<group>"; };
		154951392A8AD6BC00C80CCD /* MovieTabView.swift */ = {isa = PBXFileReference; lastKnownFileType = sourcecode.swift; path = MovieTabView.swift; sourceTree = "<group>"; };
		1549513D2A8AD73F00C80CCD /* TVShowThumbnailView.swift */ = {isa = PBXFileReference; lastKnownFileType = sourcecode.swift; path = TVShowThumbnailView.swift; sourceTree = "<group>"; };
		1549513F2A8AD74C00C80CCD /* MovieThumbnailView.swift */ = {isa = PBXFileReference; lastKnownFileType = sourcecode.swift; path = MovieThumbnailView.swift; sourceTree = "<group>"; };
		154951412A8AD75B00C80CCD /* TVShowThumbnailCarouselView.swift */ = {isa = PBXFileReference; lastKnownFileType = sourcecode.swift; path = TVShowThumbnailCarouselView.swift; sourceTree = "<group>"; };
		154951432A8AD76400C80CCD /* MovieThumbnailCarouselView.swift */ = {isa = PBXFileReference; lastKnownFileType = sourcecode.swift; path = MovieThumbnailCarouselView.swift; sourceTree = "<group>"; };
		154951492A8AD79100C80CCD /* TVShowDetailView.swift */ = {isa = PBXFileReference; lastKnownFileType = sourcecode.swift; path = TVShowDetailView.swift; sourceTree = "<group>"; };
		1549514B2A8AD79D00C80CCD /* MovieDetailView.swift */ = {isa = PBXFileReference; lastKnownFileType = sourcecode.swift; path = MovieDetailView.swift; sourceTree = "<group>"; };
		1549514D2A8AD83400C80CCD /* User.swift */ = {isa = PBXFileReference; lastKnownFileType = sourcecode.swift; path = User.swift; sourceTree = "<group>"; };
		154951502A8AD85F00C80CCD /* Movie.swift */ = {isa = PBXFileReference; lastKnownFileType = sourcecode.swift; path = Movie.swift; sourceTree = "<group>"; };
		154951522A8AD86600C80CCD /* TVShow.swift */ = {isa = PBXFileReference; lastKnownFileType = sourcecode.swift; path = TVShow.swift; sourceTree = "<group>"; };
		154951542A8AD87A00C80CCD /* Stubs.swift */ = {isa = PBXFileReference; lastKnownFileType = sourcecode.swift; path = Stubs.swift; sourceTree = "<group>"; };
		154951562A8AD88600C80CCD /* Sections.swift */ = {isa = PBXFileReference; lastKnownFileType = sourcecode.swift; path = Sections.swift; sourceTree = "<group>"; };
		154951582A8AD8E100C80CCD /* LoginView.swift */ = {isa = PBXFileReference; lastKnownFileType = sourcecode.swift; path = LoginView.swift; sourceTree = "<group>"; };
		1549515A2A8AD8EB00C80CCD /* SignupView.swift */ = {isa = PBXFileReference; lastKnownFileType = sourcecode.swift; path = SignupView.swift; sourceTree = "<group>"; };
		1549515C2A8AD8F500C80CCD /* ForgotPassView.swift */ = {isa = PBXFileReference; lastKnownFileType = sourcecode.swift; path = ForgotPassView.swift; sourceTree = "<group>"; };
		1549515E2A8AD8FF00C80CCD /* ChangePassView.swift */ = {isa = PBXFileReference; lastKnownFileType = sourcecode.swift; path = ChangePassView.swift; sourceTree = "<group>"; };
		154951602A8AD95A00C80CCD /* AuthInputView.swift */ = {isa = PBXFileReference; lastKnownFileType = sourcecode.swift; path = AuthInputView.swift; sourceTree = "<group>"; };
		154951622A8AD96B00C80CCD /* SettingsRowView.swift */ = {isa = PBXFileReference; lastKnownFileType = sourcecode.swift; path = SettingsRowView.swift; sourceTree = "<group>"; };
		154951642A8AD97A00C80CCD /* ButtonView.swift */ = {isa = PBXFileReference; lastKnownFileType = sourcecode.swift; path = ButtonView.swift; sourceTree = "<group>"; };
		154951662A8ADA4900C80CCD /* GoogleService-Info.plist */ = {isa = PBXFileReference; lastKnownFileType = text.plist; path = "GoogleService-Info.plist"; sourceTree = SOURCE_ROOT; };
		154951752A8AEC3300C80CCD /* ProfileTabView.swift */ = {isa = PBXFileReference; lastKnownFileType = sourcecode.swift; path = ProfileTabView.swift; sourceTree = "<group>"; };
		155154912AEE434B005D0B77 /* AppLogosBy.swift */ = {isa = PBXFileReference; lastKnownFileType = sourcecode.swift; path = AppLogosBy.swift; sourceTree = "<group>"; };
		15710DB52AE33E8A00FE0EA0 /* Info.plist */ = {isa = PBXFileReference; lastKnownFileType = text.plist; path = Info.plist; sourceTree = "<group>"; };
		157516342AE46347002AD960 /* ScheduledNotificationsView.swift */ = {isa = PBXFileReference; lastKnownFileType = sourcecode.swift; path = ScheduledNotificationsView.swift; sourceTree = "<group>"; };
		157516362AE46C7D002AD960 /* EpisodeListView.swift */ = {isa = PBXFileReference; lastKnownFileType = sourcecode.swift; path = EpisodeListView.swift; sourceTree = "<group>"; };
		1577F64B2AF97D4500ADBDB4 /* UserInfoRow.swift */ = {isa = PBXFileReference; lastKnownFileType = sourcecode.swift; path = UserInfoRow.swift; sourceTree = "<group>"; };
		157D836D2AFE7AD800473226 /* DateTimePickerView.swift */ = {isa = PBXFileReference; lastKnownFileType = sourcecode.swift; path = DateTimePickerView.swift; sourceTree = "<group>"; };
		157D83732AFEDE0700473226 /* DeleteAccView.swift */ = {isa = PBXFileReference; lastKnownFileType = sourcecode.swift; path = DeleteAccView.swift; sourceTree = "<group>"; };
		157D83752AFF05F000473226 /* Devices.swift */ = {isa = PBXFileReference; lastKnownFileType = sourcecode.swift; path = Devices.swift; sourceTree = "<group>"; };
		157E40E02A8C115A006CC1CC /* MovieWatchlist.swift */ = {isa = PBXFileReference; lastKnownFileType = sourcecode.swift; path = MovieWatchlist.swift; sourceTree = "<group>"; };
		157E40E22A8C12B2006CC1CC /* TVShowWatchlist.swift */ = {isa = PBXFileReference; lastKnownFileType = sourcecode.swift; path = TVShowWatchlist.swift; sourceTree = "<group>"; };
		157E40E42A8C138F006CC1CC /* WatchlistState.swift */ = {isa = PBXFileReference; lastKnownFileType = sourcecode.swift; path = WatchlistState.swift; sourceTree = "<group>"; };
		157E40E72A8C1AE8006CC1CC /* MovieWatchlistView.swift */ = {isa = PBXFileReference; lastKnownFileType = sourcecode.swift; path = MovieWatchlistView.swift; sourceTree = "<group>"; };
		157E40E92A8C2A61006CC1CC /* TVShowWatchlistView.swift */ = {isa = PBXFileReference; lastKnownFileType = sourcecode.swift; path = TVShowWatchlistView.swift; sourceTree = "<group>"; };
		15B124B32AF145570024B7D5 /* WatchlistMovieRowView.swift */ = {isa = PBXFileReference; lastKnownFileType = sourcecode.swift; path = WatchlistMovieRowView.swift; sourceTree = "<group>"; };
		15B124B52AF145790024B7D5 /* WatchlistTVShowRowView.swift */ = {isa = PBXFileReference; lastKnownFileType = sourcecode.swift; path = WatchlistTVShowRowView.swift; sourceTree = "<group>"; };
		15B124B92AF472C50024B7D5 /* ChangeEmailView.swift */ = {isa = PBXFileReference; lastKnownFileType = sourcecode.swift; path = ChangeEmailView.swift; sourceTree = "<group>"; };
		15B124BB2AF47ABD0024B7D5 /* BackgroundImages.swift */ = {isa = PBXFileReference; lastKnownFileType = sourcecode.swift; path = BackgroundImages.swift; sourceTree = "<group>"; };
		15BE5A002AF86F6000DA3E2D /* ImagePicker.swift */ = {isa = PBXFileReference; lastKnownFileType = sourcecode.swift; path = ImagePicker.swift; sourceTree = "<group>"; };
		15CB75532AD1092200FD221C /* SwiftMessage.swift */ = {isa = PBXFileReference; lastKnownFileType = sourcecode.swift; path = SwiftMessage.swift; sourceTree = "<group>"; };
		15D4280C2B00733300617053 /* ColorPicker.swift */ = {isa = PBXFileReference; lastKnownFileType = sourcecode.swift; path = ColorPicker.swift; sourceTree = "<group>"; };
		15EA75922AEDD10400B0557B /* digital-beeping.caf */ = {isa = PBXFileReference; lastKnownFileType = file; name = "digital-beeping.caf"; path = "../../NotifSounds/digital-beeping.caf"; sourceTree = "<group>"; };
		15F9BF422AEB591A00DAED4E /* Watchlistr.entitlements */ = {isa = PBXFileReference; lastKnownFileType = text.plist.entitlements; path = Watchlistr.entitlements; sourceTree = "<group>"; };
/* End PBXFileReference section */

/* Begin PBXFrameworksBuildPhase section */
		154950E22A8ACF0F00C80CCD /* Frameworks */ = {
			isa = PBXFrameworksBuildPhase;
			buildActionMask = 2147483647;
			files = (
				154951722A8ADAAF00C80CCD /* FirebaseFirestoreSwift in Frameworks */,
				15BE5A062AF87DF100DA3E2D /* TOCropViewController in Frameworks */,
				1520C6022ACE32A8000E918C /* SwiftMessages in Frameworks */,
				1549516E2A8ADAAF00C80CCD /* FirebaseDatabaseSwift in Frameworks */,
				154951702A8ADAAF00C80CCD /* FirebaseFirestore in Frameworks */,
				1549516C2A8ADAAF00C80CCD /* FirebaseDatabase in Frameworks */,
				15BE5A042AF87DF100DA3E2D /* CropViewController in Frameworks */,
				1549516A2A8ADAAF00C80CCD /* FirebaseAuth in Frameworks */,
				154951742A8ADAAF00C80CCD /* FirebaseStorage in Frameworks */,
				1515ABDB2B0C312A007351D0 /* FirebaseDynamicLinks in Frameworks */,
			);
			runOnlyForDeploymentPostprocessing = 0;
		};
/* End PBXFrameworksBuildPhase section */

/* Begin PBXGroup section */
		1515ABD92B0C312A007351D0 /* Frameworks */ = {
			isa = PBXGroup;
			children = (
			);
			name = Frameworks;
			sourceTree = "<group>";
		};
		154950DC2A8ACF0F00C80CCD = {
			isa = PBXGroup;
			children = (
				154950E72A8ACF0F00C80CCD /* Watchlistr */,
				154950E62A8ACF0F00C80CCD /* Products */,
				1515ABD92B0C312A007351D0 /* Frameworks */,
			);
			sourceTree = "<group>";
		};
		154950E62A8ACF0F00C80CCD /* Products */ = {
			isa = PBXGroup;
			children = (
				154950E52A8ACF0F00C80CCD /* Watchlistr.app */,
			);
			name = Products;
			sourceTree = "<group>";
		};
		154950E72A8ACF0F00C80CCD /* Watchlistr */ = {
			isa = PBXGroup;
			children = (
				154950F62A8ACF6200C80CCD /* App */,
				154950F72A8ACF6700C80CCD /* RootView */,
				154950F92A8ACF7D00C80CCD /* Components */,
				154950FA2A8ACF8500C80CCD /* AuthCore */,
				154950FB2A8ACF8A00C80CCD /* Models */,
				154950F82A8ACF7700C80CCD /* Views */,
				154951222A8AD56F00C80CCD /* OverlayViews */,
				154950FD2A8ACF9800C80CCD /* Services */,
				154950FC2A8ACF8E00C80CCD /* Resources */,
				154950EE2A8ACF1000C80CCD /* Preview Content */,
				154951662A8ADA4900C80CCD /* GoogleService-Info.plist */,
				15710DB52AE33E8A00FE0EA0 /* Info.plist */,
				154950EC2A8ACF1000C80CCD /* Assets.xcassets */,
				15EA75922AEDD10400B0557B /* digital-beeping.caf */,
				15F9BF422AEB591A00DAED4E /* Watchlistr.entitlements */,
			);
			path = Watchlistr;
			sourceTree = "<group>";
		};
		154950EE2A8ACF1000C80CCD /* Preview Content */ = {
			isa = PBXGroup;
			children = (
				154950EF2A8ACF1000C80CCD /* Preview Assets.xcassets */,
			);
			path = "Preview Content";
			sourceTree = "<group>";
		};
		154950F62A8ACF6200C80CCD /* App */ = {
			isa = PBXGroup;
			children = (
				154950E82A8ACF0F00C80CCD /* WatchlistrApp.swift */,
				1515ABE02B0D22AF007351D0 /* Env.swift */,
			);
			path = App;
			sourceTree = "<group>";
		};
		154950F72A8ACF6700C80CCD /* RootView */ = {
			isa = PBXGroup;
			children = (
				154950EA2A8ACF0F00C80CCD /* ContentView.swift */,
			);
			path = RootView;
			sourceTree = "<group>";
		};
		154950F82A8ACF7700C80CCD /* Views */ = {
			isa = PBXGroup;
			children = (
				154951242A8AD58200C80CCD /* Tabs */,
				154951262A8AD58E00C80CCD /* Movie */,
				154951252A8AD58800C80CCD /* TVShow */,
				1555B94E2AFD7C9A00D9681C /* Notifications */,
				157E40E62A8C1AD7006CC1CC /* Watchlist */,
			);
			path = Views;
			sourceTree = "<group>";
		};
		154950F92A8ACF7D00C80CCD /* Components */ = {
			isa = PBXGroup;
			children = (
				1549512F2A8AD63900C80CCD /* ActivityIndicatorView.swift */,
				155154912AEE434B005D0B77 /* AppLogosBy.swift */,
				154951602A8AD95A00C80CCD /* AuthInputView.swift */,
				15B124BB2AF47ABD0024B7D5 /* BackgroundImages.swift */,
				154951642A8AD97A00C80CCD /* ButtonView.swift */,
				15D4280C2B00733300617053 /* ColorPicker.swift */,
				1515ABDE2B0C53FB007351D0 /* ColorPickerView.swift */,
				157D836D2AFE7AD800473226 /* DateTimePickerView.swift */,
				15BE5A002AF86F6000DA3E2D /* ImagePicker.swift */,
				154951332A8AD64D00C80CCD /* SearchBarView.swift */,
				154951622A8AD96B00C80CCD /* SettingsRowView.swift */,
				1577F64B2AF97D4500ADBDB4 /* UserInfoRow.swift */,
				1544F9EB2A93E42C002A74C9 /* WatchProvidersView.swift */,
			);
			path = Components;
			sourceTree = "<group>";
		};
		154950FA2A8ACF8500C80CCD /* AuthCore */ = {
			isa = PBXGroup;
			children = (
				154951002A8ACFD100C80CCD /* Views */,
				154951012A8ACFD500C80CCD /* ViewModel */,
			);
			path = AuthCore;
			sourceTree = "<group>";
		};
		154950FB2A8ACF8A00C80CCD /* Models */ = {
			isa = PBXGroup;
			children = (
				1555B94F2AFD7CE800D9681C /* WatchProviders */,
				15F9BF3F2AE9E61400DAED4E /* Movie */,
				15F9BF3E2AE9E60A00DAED4E /* TVShow */,
			);
			path = Models;
			sourceTree = "<group>";
		};
		154950FC2A8ACF8E00C80CCD /* Resources */ = {
			isa = PBXGroup;
			children = (
				154951072A8AD38800C80CCD /* movie_info.json */,
				154951062A8AD38800C80CCD /* movie_list.json */,
				154951052A8AD38800C80CCD /* search_movie.json */,
				154951082A8AD38800C80CCD /* search_tvshow.json */,
				154951042A8AD38800C80CCD /* tvshow_info.json */,
				154951092A8AD38800C80CCD /* tvshow_list.json */,
			);
			path = Resources;
			sourceTree = "<group>";
		};
		154950FD2A8ACF9800C80CCD /* Services */ = {
			isa = PBXGroup;
			children = (
				154951162A8AD3F200C80CCD /* DataFetchPhase.swift */,
				154951102A8AD3C100C80CCD /* DateUtils.swift */,
				157D83752AFF05F000473226 /* Devices.swift */,
				154951182A8AD4B000C80CCD /* ImageLoader.swift */,
				1544F9E72A93A9F6002A74C9 /* RemoteImageView.swift */,
				154951312A8AD64400C80CCD /* SafariView.swift */,
				154951562A8AD88600C80CCD /* Sections.swift */,
				153409B52B02D03800DC8344 /* SharedTimer.swift */,
				154951542A8AD87A00C80CCD /* Stubs.swift */,
				15CB75532AD1092200FD221C /* SwiftMessage.swift */,
				1549511A2A8AD4C400C80CCD /* WatchlistrDetailState.swift */,
				1549511C2A8AD4CE00C80CCD /* WatchlistrListState.swift */,
				1549511E2A8AD4DA00C80CCD /* WatchlistrHomeState.swift */,
				154951202A8AD4E400C80CCD /* WatchlistrSearchState.swift */,
				154951142A8AD3DF00C80CCD /* WatchlistrServices.swift */,
				154951122A8AD3D400C80CCD /* WatchlistrStore.swift */,
				157E40E42A8C138F006CC1CC /* WatchlistState.swift */,
			);
			path = Services;
			sourceTree = "<group>";
		};
		154951002A8ACFD100C80CCD /* Views */ = {
			isa = PBXGroup;
			children = (
				154951582A8AD8E100C80CCD /* LoginView.swift */,
				1549515A2A8AD8EB00C80CCD /* SignupView.swift */,
				1549515C2A8AD8F500C80CCD /* ForgotPassView.swift */,
				1549515E2A8AD8FF00C80CCD /* ChangePassView.swift */,
				15B124B92AF472C50024B7D5 /* ChangeEmailView.swift */,
				157D83732AFEDE0700473226 /* DeleteAccView.swift */,
			);
			path = Views;
			sourceTree = "<group>";
		};
		154951012A8ACFD500C80CCD /* ViewModel */ = {
			isa = PBXGroup;
			children = (
				1549514D2A8AD83400C80CCD /* User.swift */,
				154951022A8ACFE900C80CCD /* AuthViewModel.swift */,
				1520C5FE2ACE2FBD000E918C /* Keychain.swift */,
			);
			path = ViewModel;
			sourceTree = "<group>";
		};
		154951222A8AD56F00C80CCD /* OverlayViews */ = {
			isa = PBXGroup;
			children = (
				1549512B2A8AD5DF00C80CCD /* DataFetchPhaseOverlayView.swift */,
				154951292A8AD5C500C80CCD /* EmptyPlaceholderView.swift */,
				154951272A8AD5B700C80CCD /* RetryView.swift */,
			);
			path = OverlayViews;
			sourceTree = "<group>";
		};
		154951242A8AD58200C80CCD /* Tabs */ = {
			isa = PBXGroup;
			children = (
				154951392A8AD6BC00C80CCD /* MovieTabView.swift */,
				154951372A8AD6B100C80CCD /* TVShowTabView.swift */,
				154951752A8AEC3300C80CCD /* ProfileTabView.swift */,
			);
			path = Tabs;
			sourceTree = "<group>";
		};
		154951252A8AD58800C80CCD /* TVShow */ = {
			isa = PBXGroup;
			children = (
				1549513D2A8AD73F00C80CCD /* TVShowThumbnailView.swift */,
				154951412A8AD75B00C80CCD /* TVShowThumbnailCarouselView.swift */,
				154951492A8AD79100C80CCD /* TVShowDetailView.swift */,
				157516362AE46C7D002AD960 /* EpisodeListView.swift */,
			);
			path = TVShow;
			sourceTree = "<group>";
		};
		154951262A8AD58E00C80CCD /* Movie */ = {
			isa = PBXGroup;
			children = (
				1549513F2A8AD74C00C80CCD /* MovieThumbnailView.swift */,
				154951432A8AD76400C80CCD /* MovieThumbnailCarouselView.swift */,
				1549514B2A8AD79D00C80CCD /* MovieDetailView.swift */,
			);
			path = Movie;
			sourceTree = "<group>";
		};
		1555B94E2AFD7C9A00D9681C /* Notifications */ = {
			isa = PBXGroup;
			children = (
				157516342AE46347002AD960 /* ScheduledNotificationsView.swift */,
			);
			path = Notifications;
			sourceTree = "<group>";
		};
		1555B94F2AFD7CE800D9681C /* WatchProviders */ = {
			isa = PBXGroup;
			children = (
				1544F9E92A93AE31002A74C9 /* WatchProvider.swift */,
			);
			path = WatchProviders;
			sourceTree = "<group>";
		};
		157E40E62A8C1AD7006CC1CC /* Watchlist */ = {
			isa = PBXGroup;
			children = (
				15B124AE2AF13E600024B7D5 /* TVShow */,
				15B124AD2AF13E5A0024B7D5 /* Movie */,
			);
			path = Watchlist;
			sourceTree = "<group>";
		};
		15B124AD2AF13E5A0024B7D5 /* Movie */ = {
			isa = PBXGroup;
			children = (
				157E40E72A8C1AE8006CC1CC /* MovieWatchlistView.swift */,
				15B124B32AF145570024B7D5 /* WatchlistMovieRowView.swift */,
			);
			path = Movie;
			sourceTree = "<group>";
		};
		15B124AE2AF13E600024B7D5 /* TVShow */ = {
			isa = PBXGroup;
			children = (
				157E40E92A8C2A61006CC1CC /* TVShowWatchlistView.swift */,
				15B124B52AF145790024B7D5 /* WatchlistTVShowRowView.swift */,
			);
			path = TVShow;
			sourceTree = "<group>";
		};
		15F9BF3E2AE9E60A00DAED4E /* TVShow */ = {
			isa = PBXGroup;
			children = (
				154951522A8AD86600C80CCD /* TVShow.swift */,
				157E40E22A8C12B2006CC1CC /* TVShowWatchlist.swift */,
			);
			path = TVShow;
			sourceTree = "<group>";
		};
		15F9BF3F2AE9E61400DAED4E /* Movie */ = {
			isa = PBXGroup;
			children = (
				154951502A8AD85F00C80CCD /* Movie.swift */,
				157E40E02A8C115A006CC1CC /* MovieWatchlist.swift */,
			);
			path = Movie;
			sourceTree = "<group>";
		};
/* End PBXGroup section */

/* Begin PBXNativeTarget section */
		154950E42A8ACF0F00C80CCD /* Watchlistr */ = {
			isa = PBXNativeTarget;
			buildConfigurationList = 154950F32A8ACF1000C80CCD /* Build configuration list for PBXNativeTarget "Watchlistr" */;
			buildPhases = (
				154950E12A8ACF0F00C80CCD /* Sources */,
				154950E22A8ACF0F00C80CCD /* Frameworks */,
				154950E32A8ACF0F00C80CCD /* Resources */,
			);
			buildRules = (
			);
			dependencies = (
			);
			name = Watchlistr;
			packageProductDependencies = (
				154951692A8ADAAF00C80CCD /* FirebaseAuth */,
				1549516B2A8ADAAF00C80CCD /* FirebaseDatabase */,
				1549516D2A8ADAAF00C80CCD /* FirebaseDatabaseSwift */,
				1549516F2A8ADAAF00C80CCD /* FirebaseFirestore */,
				154951712A8ADAAF00C80CCD /* FirebaseFirestoreSwift */,
				154951732A8ADAAF00C80CCD /* FirebaseStorage */,
				1520C6012ACE32A8000E918C /* SwiftMessages */,
				15BE5A032AF87DF100DA3E2D /* CropViewController */,
				15BE5A052AF87DF100DA3E2D /* TOCropViewController */,
				1515ABDA2B0C312A007351D0 /* FirebaseDynamicLinks */,
			);
			productName = Watchlistr;
			productReference = 154950E52A8ACF0F00C80CCD /* Watchlistr.app */;
			productType = "com.apple.product-type.application";
		};
/* End PBXNativeTarget section */

/* Begin PBXProject section */
		154950DD2A8ACF0F00C80CCD /* Project object */ = {
			isa = PBXProject;
			attributes = {
				BuildIndependentTargetsInParallel = 1;
				LastSwiftUpdateCheck = 1430;
				LastUpgradeCheck = 1500;
				TargetAttributes = {
					154950E42A8ACF0F00C80CCD = {
						CreatedOnToolsVersion = 14.3.1;
					};
				};
			};
			buildConfigurationList = 154950E02A8ACF0F00C80CCD /* Build configuration list for PBXProject "Watchlistr" */;
			compatibilityVersion = "Xcode 14.0";
			developmentRegion = en;
			hasScannedForEncodings = 0;
			knownRegions = (
				en,
				Base,
			);
			mainGroup = 154950DC2A8ACF0F00C80CCD;
			packageReferences = (
				154951682A8ADAAF00C80CCD /* XCRemoteSwiftPackageReference "firebase-ios-sdk" */,
				1520C6002ACE32A8000E918C /* XCRemoteSwiftPackageReference "SwiftMessages" */,
				15BE5A022AF87DF000DA3E2D /* XCRemoteSwiftPackageReference "TOCropViewController" */,
			);
			productRefGroup = 154950E62A8ACF0F00C80CCD /* Products */;
			projectDirPath = "";
			projectRoot = "";
			targets = (
				154950E42A8ACF0F00C80CCD /* Watchlistr */,
			);
		};
/* End PBXProject section */

/* Begin PBXResourcesBuildPhase section */
		154950E32A8ACF0F00C80CCD /* Resources */ = {
			isa = PBXResourcesBuildPhase;
			buildActionMask = 2147483647;
			files = (
				1549510E2A8AD38800C80CCD /* search_tvshow.json in Resources */,
				1549510A2A8AD38800C80CCD /* tvshow_info.json in Resources */,
				154951672A8ADA4900C80CCD /* GoogleService-Info.plist in Resources */,
				154950F02A8ACF1000C80CCD /* Preview Assets.xcassets in Resources */,
				1549510B2A8AD38800C80CCD /* search_movie.json in Resources */,
				1549510C2A8AD38800C80CCD /* movie_list.json in Resources */,
				15EA75932AEDD10400B0557B /* digital-beeping.caf in Resources */,
				1549510D2A8AD38800C80CCD /* movie_info.json in Resources */,
				1549510F2A8AD38800C80CCD /* tvshow_list.json in Resources */,
				154950ED2A8ACF1000C80CCD /* Assets.xcassets in Resources */,
			);
			runOnlyForDeploymentPostprocessing = 0;
		};
/* End PBXResourcesBuildPhase section */

/* Begin PBXSourcesBuildPhase section */
		154950E12A8ACF0F00C80CCD /* Sources */ = {
			isa = PBXSourcesBuildPhase;
			buildActionMask = 2147483647;
			files = (
				154951652A8AD97A00C80CCD /* ButtonView.swift in Sources */,
				1549515B2A8AD8EB00C80CCD /* SignupView.swift in Sources */,
				154950EB2A8ACF0F00C80CCD /* ContentView.swift in Sources */,
				154951172A8AD3F200C80CCD /* DataFetchPhase.swift in Sources */,
				157516352AE46347002AD960 /* ScheduledNotificationsView.swift in Sources */,
				1544F9EC2A93E42C002A74C9 /* WatchProvidersView.swift in Sources */,
				15CB75542AD1092200FD221C /* SwiftMessage.swift in Sources */,
				1549514C2A8AD79D00C80CCD /* MovieDetailView.swift in Sources */,
				1515ABDF2B0C53FB007351D0 /* ColorPickerView.swift in Sources */,
				154951212A8AD4E400C80CCD /* WatchlistrSearchState.swift in Sources */,
				15B124BA2AF472C50024B7D5 /* ChangeEmailView.swift in Sources */,
				1549514E2A8AD83400C80CCD /* User.swift in Sources */,
				155154922AEE434B005D0B77 /* AppLogosBy.swift in Sources */,
				1549511D2A8AD4CE00C80CCD /* WatchlistrListState.swift in Sources */,
				1549512A2A8AD5C500C80CCD /* EmptyPlaceholderView.swift in Sources */,
				15B124BC2AF47ABD0024B7D5 /* BackgroundImages.swift in Sources */,
				1549515D2A8AD8F500C80CCD /* ForgotPassView.swift in Sources */,
				1549514A2A8AD79100C80CCD /* TVShowDetailView.swift in Sources */,
				154951552A8AD87A00C80CCD /* Stubs.swift in Sources */,
				154951282A8AD5B700C80CCD /* RetryView.swift in Sources */,
				157E40E32A8C12B2006CC1CC /* TVShowWatchlist.swift in Sources */,
				154950E92A8ACF0F00C80CCD /* WatchlistrApp.swift in Sources */,
				15B124B62AF145790024B7D5 /* WatchlistTVShowRowView.swift in Sources */,
				1549515F2A8AD8FF00C80CCD /* ChangePassView.swift in Sources */,
				154951592A8AD8E100C80CCD /* LoginView.swift in Sources */,
				154951762A8AEC3300C80CCD /* ProfileTabView.swift in Sources */,
				157E40E12A8C115A006CC1CC /* MovieWatchlist.swift in Sources */,
				1544F9EA2A93AE31002A74C9 /* WatchProvider.swift in Sources */,
				157516372AE46C7D002AD960 /* EpisodeListView.swift in Sources */,
				1549511B2A8AD4C400C80CCD /* WatchlistrDetailState.swift in Sources */,
				154951402A8AD74C00C80CCD /* MovieThumbnailView.swift in Sources */,
				154951152A8AD3DF00C80CCD /* WatchlistrServices.swift in Sources */,
				15D4280D2B00733300617053 /* ColorPicker.swift in Sources */,
				154951632A8AD96B00C80CCD /* SettingsRowView.swift in Sources */,
				154951322A8AD64400C80CCD /* SafariView.swift in Sources */,
				1520C5FF2ACE2FBD000E918C /* Keychain.swift in Sources */,
				157E40E82A8C1AE8006CC1CC /* MovieWatchlistView.swift in Sources */,
				154951132A8AD3D400C80CCD /* WatchlistrStore.swift in Sources */,
				1577F64C2AF97D4500ADBDB4 /* UserInfoRow.swift in Sources */,
				157E40EA2A8C2A61006CC1CC /* TVShowWatchlistView.swift in Sources */,
				1515ABE12B0D22AF007351D0 /* Env.swift in Sources */,
				154951342A8AD64D00C80CCD /* SearchBarView.swift in Sources */,
				157E40E52A8C138F006CC1CC /* WatchlistState.swift in Sources */,
				1549513E2A8AD73F00C80CCD /* TVShowThumbnailView.swift in Sources */,
				154951532A8AD86600C80CCD /* TVShow.swift in Sources */,
				154951512A8AD85F00C80CCD /* Movie.swift in Sources */,
				153409B62B02D03800DC8344 /* SharedTimer.swift in Sources */,
				154951422A8AD75B00C80CCD /* TVShowThumbnailCarouselView.swift in Sources */,
				154951572A8AD88600C80CCD /* Sections.swift in Sources */,
				15B124B42AF145570024B7D5 /* WatchlistMovieRowView.swift in Sources */,
				154951382A8AD6B100C80CCD /* TVShowTabView.swift in Sources */,
				1549512C2A8AD5DF00C80CCD /* DataFetchPhaseOverlayView.swift in Sources */,
				1544F9E82A93A9F6002A74C9 /* RemoteImageView.swift in Sources */,
				154951032A8ACFE900C80CCD /* AuthViewModel.swift in Sources */,
				154951442A8AD76400C80CCD /* MovieThumbnailCarouselView.swift in Sources */,
				154951612A8AD95A00C80CCD /* AuthInputView.swift in Sources */,
				157D836E2AFE7AD800473226 /* DateTimePickerView.swift in Sources */,
				154951192A8AD4B000C80CCD /* ImageLoader.swift in Sources */,
				157D83762AFF05F000473226 /* Devices.swift in Sources */,
				1549511F2A8AD4DA00C80CCD /* WatchlistrHomeState.swift in Sources */,
				157D83742AFEDE0700473226 /* DeleteAccView.swift in Sources */,
				154951112A8AD3C100C80CCD /* DateUtils.swift in Sources */,
				15BE5A012AF86F6000DA3E2D /* ImagePicker.swift in Sources */,
				154951302A8AD63900C80CCD /* ActivityIndicatorView.swift in Sources */,
				1549513A2A8AD6BC00C80CCD /* MovieTabView.swift in Sources */,
			);
			runOnlyForDeploymentPostprocessing = 0;
		};
/* End PBXSourcesBuildPhase section */

/* Begin XCBuildConfiguration section */
		154950F12A8ACF1000C80CCD /* Debug */ = {
			isa = XCBuildConfiguration;
			buildSettings = {
				ALWAYS_SEARCH_USER_PATHS = NO;
				CLANG_ANALYZER_NONNULL = YES;
				CLANG_ANALYZER_NUMBER_OBJECT_CONVERSION = YES_AGGRESSIVE;
				CLANG_CXX_LANGUAGE_STANDARD = "gnu++20";
				CLANG_ENABLE_MODULES = YES;
				CLANG_ENABLE_OBJC_ARC = YES;
				CLANG_ENABLE_OBJC_WEAK = YES;
				CLANG_WARN_BLOCK_CAPTURE_AUTORELEASING = YES;
				CLANG_WARN_BOOL_CONVERSION = YES;
				CLANG_WARN_COMMA = YES;
				CLANG_WARN_CONSTANT_CONVERSION = YES;
				CLANG_WARN_DEPRECATED_OBJC_IMPLEMENTATIONS = YES;
				CLANG_WARN_DIRECT_OBJC_ISA_USAGE = YES_ERROR;
				CLANG_WARN_DOCUMENTATION_COMMENTS = YES;
				CLANG_WARN_EMPTY_BODY = YES;
				CLANG_WARN_ENUM_CONVERSION = YES;
				CLANG_WARN_INFINITE_RECURSION = YES;
				CLANG_WARN_INT_CONVERSION = YES;
				CLANG_WARN_NON_LITERAL_NULL_CONVERSION = YES;
				CLANG_WARN_OBJC_IMPLICIT_RETAIN_SELF = YES;
				CLANG_WARN_OBJC_LITERAL_CONVERSION = YES;
				CLANG_WARN_OBJC_ROOT_CLASS = YES_ERROR;
				CLANG_WARN_QUOTED_INCLUDE_IN_FRAMEWORK_HEADER = YES;
				CLANG_WARN_RANGE_LOOP_ANALYSIS = YES;
				CLANG_WARN_STRICT_PROTOTYPES = YES;
				CLANG_WARN_SUSPICIOUS_MOVE = YES;
				CLANG_WARN_UNGUARDED_AVAILABILITY = YES_AGGRESSIVE;
				CLANG_WARN_UNREACHABLE_CODE = YES;
				CLANG_WARN__DUPLICATE_METHOD_MATCH = YES;
				COPY_PHASE_STRIP = NO;
				DEBUG_INFORMATION_FORMAT = dwarf;
				ENABLE_STRICT_OBJC_MSGSEND = YES;
				ENABLE_TESTABILITY = YES;
				ENABLE_USER_SCRIPT_SANDBOXING = YES;
				GCC_C_LANGUAGE_STANDARD = gnu11;
				GCC_DYNAMIC_NO_PIC = NO;
				GCC_NO_COMMON_BLOCKS = YES;
				GCC_OPTIMIZATION_LEVEL = 0;
				GCC_PREPROCESSOR_DEFINITIONS = (
					"DEBUG=1",
					"$(inherited)",
				);
				GCC_WARN_64_TO_32_BIT_CONVERSION = YES;
				GCC_WARN_ABOUT_RETURN_TYPE = YES_ERROR;
				GCC_WARN_UNDECLARED_SELECTOR = YES;
				GCC_WARN_UNINITIALIZED_AUTOS = YES_AGGRESSIVE;
				GCC_WARN_UNUSED_FUNCTION = YES;
				GCC_WARN_UNUSED_VARIABLE = YES;
				IPHONEOS_DEPLOYMENT_TARGET = 15.0;
				MTL_ENABLE_DEBUG_INFO = INCLUDE_SOURCE;
				MTL_FAST_MATH = YES;
				ONLY_ACTIVE_ARCH = YES;
				SDKROOT = iphoneos;
				SWIFT_ACTIVE_COMPILATION_CONDITIONS = DEBUG;
				SWIFT_OPTIMIZATION_LEVEL = "-Onone";
			};
			name = Debug;
		};
		154950F22A8ACF1000C80CCD /* Release */ = {
			isa = XCBuildConfiguration;
			buildSettings = {
				ALWAYS_SEARCH_USER_PATHS = NO;
				CLANG_ANALYZER_NONNULL = YES;
				CLANG_ANALYZER_NUMBER_OBJECT_CONVERSION = YES_AGGRESSIVE;
				CLANG_CXX_LANGUAGE_STANDARD = "gnu++20";
				CLANG_ENABLE_MODULES = YES;
				CLANG_ENABLE_OBJC_ARC = YES;
				CLANG_ENABLE_OBJC_WEAK = YES;
				CLANG_WARN_BLOCK_CAPTURE_AUTORELEASING = YES;
				CLANG_WARN_BOOL_CONVERSION = YES;
				CLANG_WARN_COMMA = YES;
				CLANG_WARN_CONSTANT_CONVERSION = YES;
				CLANG_WARN_DEPRECATED_OBJC_IMPLEMENTATIONS = YES;
				CLANG_WARN_DIRECT_OBJC_ISA_USAGE = YES_ERROR;
				CLANG_WARN_DOCUMENTATION_COMMENTS = YES;
				CLANG_WARN_EMPTY_BODY = YES;
				CLANG_WARN_ENUM_CONVERSION = YES;
				CLANG_WARN_INFINITE_RECURSION = YES;
				CLANG_WARN_INT_CONVERSION = YES;
				CLANG_WARN_NON_LITERAL_NULL_CONVERSION = YES;
				CLANG_WARN_OBJC_IMPLICIT_RETAIN_SELF = YES;
				CLANG_WARN_OBJC_LITERAL_CONVERSION = YES;
				CLANG_WARN_OBJC_ROOT_CLASS = YES_ERROR;
				CLANG_WARN_QUOTED_INCLUDE_IN_FRAMEWORK_HEADER = YES;
				CLANG_WARN_RANGE_LOOP_ANALYSIS = YES;
				CLANG_WARN_STRICT_PROTOTYPES = YES;
				CLANG_WARN_SUSPICIOUS_MOVE = YES;
				CLANG_WARN_UNGUARDED_AVAILABILITY = YES_AGGRESSIVE;
				CLANG_WARN_UNREACHABLE_CODE = YES;
				CLANG_WARN__DUPLICATE_METHOD_MATCH = YES;
				COPY_PHASE_STRIP = NO;
				DEBUG_INFORMATION_FORMAT = "dwarf-with-dsym";
				ENABLE_NS_ASSERTIONS = NO;
				ENABLE_STRICT_OBJC_MSGSEND = YES;
				ENABLE_USER_SCRIPT_SANDBOXING = YES;
				GCC_C_LANGUAGE_STANDARD = gnu11;
				GCC_NO_COMMON_BLOCKS = YES;
				GCC_WARN_64_TO_32_BIT_CONVERSION = YES;
				GCC_WARN_ABOUT_RETURN_TYPE = YES_ERROR;
				GCC_WARN_UNDECLARED_SELECTOR = YES;
				GCC_WARN_UNINITIALIZED_AUTOS = YES_AGGRESSIVE;
				GCC_WARN_UNUSED_FUNCTION = YES;
				GCC_WARN_UNUSED_VARIABLE = YES;
				IPHONEOS_DEPLOYMENT_TARGET = 15.0;
				MTL_ENABLE_DEBUG_INFO = NO;
				MTL_FAST_MATH = YES;
				SDKROOT = iphoneos;
				SWIFT_COMPILATION_MODE = wholemodule;
				SWIFT_OPTIMIZATION_LEVEL = "-O";
				VALIDATE_PRODUCT = YES;
			};
			name = Release;
		};
		154950F42A8ACF1000C80CCD /* Debug */ = {
			isa = XCBuildConfiguration;
			buildSettings = {
				ASSETCATALOG_COMPILER_APPICON_NAME = AppIcon;
				ASSETCATALOG_COMPILER_GLOBAL_ACCENT_COLOR_NAME = AccentColor;
				CODE_SIGN_ENTITLEMENTS = Watchlistr/Watchlistr.entitlements;
				CODE_SIGN_STYLE = Automatic;
				CURRENT_PROJECT_VERSION = 20;
				DEVELOPMENT_ASSET_PATHS = "\"Watchlistr/Preview Content\"";
				DEVELOPMENT_TEAM = RZB7U5UTY4;
				ENABLE_PREVIEWS = YES;
				GENERATE_INFOPLIST_FILE = YES;
				INFOPLIST_FILE = Watchlistr/Info.plist;
				INFOPLIST_KEY_CFBundleDisplayName = Watchlistr;
				INFOPLIST_KEY_LSApplicationCategoryType = "public.app-category.entertainment";
				INFOPLIST_KEY_NSDocumentsFolderUsageDescription = "";
				INFOPLIST_KEY_NSDownloadsFolderUsageDescription = "";
				INFOPLIST_KEY_NSFileProviderPresenceUsageDescription = "";
				INFOPLIST_KEY_NSPhotoLibraryUsageDescription = "In order to set a profile picture, please allow Watchlistr to access your photo library.";
				INFOPLIST_KEY_UIApplicationSceneManifest_Generation = YES;
				INFOPLIST_KEY_UIApplicationSupportsIndirectInputEvents = YES;
				INFOPLIST_KEY_UILaunchScreen_Generation = YES;
				INFOPLIST_KEY_UISupportedInterfaceOrientations = "UIInterfaceOrientationLandscapeLeft UIInterfaceOrientationLandscapeRight UIInterfaceOrientationPortrait";
				INFOPLIST_KEY_UISupportedInterfaceOrientations_iPad = "UIInterfaceOrientationLandscapeLeft UIInterfaceOrientationLandscapeRight UIInterfaceOrientationPortrait UIInterfaceOrientationPortraitUpsideDown";
				LD_RUNPATH_SEARCH_PATHS = (
					"$(inherited)",
					"@executable_path/Frameworks",
				);
				MARKETING_VERSION = 1.0.9;
				PRODUCT_BUNDLE_IDENTIFIER = com.devzano.Watchlistr;
				PRODUCT_NAME = "$(TARGET_NAME)";
				SUPPORTED_PLATFORMS = "iphoneos iphonesimulator";
				SUPPORTS_MACCATALYST = NO;
				SUPPORTS_MAC_DESIGNED_FOR_IPHONE_IPAD = NO;
				SWIFT_EMIT_LOC_STRINGS = YES;
				SWIFT_VERSION = 5.0;
				TARGETED_DEVICE_FAMILY = "1,2";
			};
			name = Debug;
		};
		154950F52A8ACF1000C80CCD /* Release */ = {
			isa = XCBuildConfiguration;
			buildSettings = {
				ASSETCATALOG_COMPILER_APPICON_NAME = AppIcon;
				ASSETCATALOG_COMPILER_GLOBAL_ACCENT_COLOR_NAME = AccentColor;
				CODE_SIGN_ENTITLEMENTS = Watchlistr/Watchlistr.entitlements;
				CODE_SIGN_STYLE = Automatic;
				CURRENT_PROJECT_VERSION = 20;
				DEVELOPMENT_ASSET_PATHS = "\"Watchlistr/Preview Content\"";
				DEVELOPMENT_TEAM = RZB7U5UTY4;
				ENABLE_PREVIEWS = YES;
				GENERATE_INFOPLIST_FILE = YES;
				INFOPLIST_FILE = Watchlistr/Info.plist;
				INFOPLIST_KEY_CFBundleDisplayName = Watchlistr;
				INFOPLIST_KEY_LSApplicationCategoryType = "public.app-category.entertainment";
				INFOPLIST_KEY_NSDocumentsFolderUsageDescription = "";
				INFOPLIST_KEY_NSDownloadsFolderUsageDescription = "";
				INFOPLIST_KEY_NSFileProviderPresenceUsageDescription = "";
				INFOPLIST_KEY_NSPhotoLibraryUsageDescription = "In order to set a profile picture, please allow Watchlistr to access your photo library.";
				INFOPLIST_KEY_UIApplicationSceneManifest_Generation = YES;
				INFOPLIST_KEY_UIApplicationSupportsIndirectInputEvents = YES;
				INFOPLIST_KEY_UILaunchScreen_Generation = YES;
				INFOPLIST_KEY_UISupportedInterfaceOrientations = "UIInterfaceOrientationLandscapeLeft UIInterfaceOrientationLandscapeRight UIInterfaceOrientationPortrait";
				INFOPLIST_KEY_UISupportedInterfaceOrientations_iPad = "UIInterfaceOrientationLandscapeLeft UIInterfaceOrientationLandscapeRight UIInterfaceOrientationPortrait UIInterfaceOrientationPortraitUpsideDown";
				LD_RUNPATH_SEARCH_PATHS = (
					"$(inherited)",
					"@executable_path/Frameworks",
				);
				MARKETING_VERSION = 1.0.9;
				PRODUCT_BUNDLE_IDENTIFIER = com.devzano.Watchlistr;
				PRODUCT_NAME = "$(TARGET_NAME)";
				SUPPORTED_PLATFORMS = "iphoneos iphonesimulator";
				SUPPORTS_MACCATALYST = NO;
				SUPPORTS_MAC_DESIGNED_FOR_IPHONE_IPAD = NO;
				SWIFT_EMIT_LOC_STRINGS = YES;
				SWIFT_VERSION = 5.0;
				TARGETED_DEVICE_FAMILY = "1,2";
			};
			name = Release;
		};
/* End XCBuildConfiguration section */

/* Begin XCConfigurationList section */
		154950E02A8ACF0F00C80CCD /* Build configuration list for PBXProject "Watchlistr" */ = {
			isa = XCConfigurationList;
			buildConfigurations = (
				154950F12A8ACF1000C80CCD /* Debug */,
				154950F22A8ACF1000C80CCD /* Release */,
			);
			defaultConfigurationIsVisible = 0;
			defaultConfigurationName = Release;
		};
		154950F32A8ACF1000C80CCD /* Build configuration list for PBXNativeTarget "Watchlistr" */ = {
			isa = XCConfigurationList;
			buildConfigurations = (
				154950F42A8ACF1000C80CCD /* Debug */,
				154950F52A8ACF1000C80CCD /* Release */,
			);
			defaultConfigurationIsVisible = 0;
			defaultConfigurationName = Release;
		};
/* End XCConfigurationList section */

/* Begin XCRemoteSwiftPackageReference section */
		1520C6002ACE32A8000E918C /* XCRemoteSwiftPackageReference "SwiftMessages" */ = {
			isa = XCRemoteSwiftPackageReference;
			repositoryURL = "https://github.com/SwiftKickMobile/SwiftMessages";
			requirement = {
				kind = upToNextMajorVersion;
				minimumVersion = 9.0.6;
			};
		};
		154951682A8ADAAF00C80CCD /* XCRemoteSwiftPackageReference "firebase-ios-sdk" */ = {
			isa = XCRemoteSwiftPackageReference;
			repositoryURL = "https://github.com/firebase/firebase-ios-sdk";
			requirement = {
				kind = upToNextMajorVersion;
				minimumVersion = 10.0.0;
			};
		};
		15BE5A022AF87DF000DA3E2D /* XCRemoteSwiftPackageReference "TOCropViewController" */ = {
			isa = XCRemoteSwiftPackageReference;
			repositoryURL = "https://github.com/TimOliver/TOCropViewController.git";
			requirement = {
				kind = upToNextMajorVersion;
				minimumVersion = 2.6.1;
			};
		};
/* End XCRemoteSwiftPackageReference section */

/* Begin XCSwiftPackageProductDependency section */
		1515ABDA2B0C312A007351D0 /* FirebaseDynamicLinks */ = {
			isa = XCSwiftPackageProductDependency;
			package = 154951682A8ADAAF00C80CCD /* XCRemoteSwiftPackageReference "firebase-ios-sdk" */;
			productName = FirebaseDynamicLinks;
		};
		1520C6012ACE32A8000E918C /* SwiftMessages */ = {
			isa = XCSwiftPackageProductDependency;
			package = 1520C6002ACE32A8000E918C /* XCRemoteSwiftPackageReference "SwiftMessages" */;
			productName = SwiftMessages;
		};
		154951692A8ADAAF00C80CCD /* FirebaseAuth */ = {
			isa = XCSwiftPackageProductDependency;
			package = 154951682A8ADAAF00C80CCD /* XCRemoteSwiftPackageReference "firebase-ios-sdk" */;
			productName = FirebaseAuth;
		};
		1549516B2A8ADAAF00C80CCD /* FirebaseDatabase */ = {
			isa = XCSwiftPackageProductDependency;
			package = 154951682A8ADAAF00C80CCD /* XCRemoteSwiftPackageReference "firebase-ios-sdk" */;
			productName = FirebaseDatabase;
		};
		1549516D2A8ADAAF00C80CCD /* FirebaseDatabaseSwift */ = {
			isa = XCSwiftPackageProductDependency;
			package = 154951682A8ADAAF00C80CCD /* XCRemoteSwiftPackageReference "firebase-ios-sdk" */;
			productName = FirebaseDatabaseSwift;
		};
		1549516F2A8ADAAF00C80CCD /* FirebaseFirestore */ = {
			isa = XCSwiftPackageProductDependency;
			package = 154951682A8ADAAF00C80CCD /* XCRemoteSwiftPackageReference "firebase-ios-sdk" */;
			productName = FirebaseFirestore;
		};
		154951712A8ADAAF00C80CCD /* FirebaseFirestoreSwift */ = {
			isa = XCSwiftPackageProductDependency;
			package = 154951682A8ADAAF00C80CCD /* XCRemoteSwiftPackageReference "firebase-ios-sdk" */;
			productName = FirebaseFirestoreSwift;
		};
		154951732A8ADAAF00C80CCD /* FirebaseStorage */ = {
			isa = XCSwiftPackageProductDependency;
			package = 154951682A8ADAAF00C80CCD /* XCRemoteSwiftPackageReference "firebase-ios-sdk" */;
			productName = FirebaseStorage;
		};
		15BE5A032AF87DF100DA3E2D /* CropViewController */ = {
			isa = XCSwiftPackageProductDependency;
			package = 15BE5A022AF87DF000DA3E2D /* XCRemoteSwiftPackageReference "TOCropViewController" */;
			productName = CropViewController;
		};
		15BE5A052AF87DF100DA3E2D /* TOCropViewController */ = {
			isa = XCSwiftPackageProductDependency;
			package = 15BE5A022AF87DF000DA3E2D /* XCRemoteSwiftPackageReference "TOCropViewController" */;
			productName = TOCropViewController;
		};
/* End XCSwiftPackageProductDependency section */
	};
	rootObject = 154950DD2A8ACF0F00C80CCD /* Project object */;
}
