// !$*UTF8*$!
{
	archiveVersion = 1;
	classes = {
	};
	objectVersion = 56;
	objects = {

/* Begin PBXBuildFile section */
		1548B6022A19424D0010CD67 /* DataFetchPhase.swift in Sources */ = {isa = PBXBuildFile; fileRef = 1548B6012A19424D0010CD67 /* DataFetchPhase.swift */; };
		1548B6052A1942E60010CD67 /* RetryView.swift in Sources */ = {isa = PBXBuildFile; fileRef = 1548B6042A1942E60010CD67 /* RetryView.swift */; };
		1548B6072A1943BF0010CD67 /* EmptyPlaceholderView.swift in Sources */ = {isa = PBXBuildFile; fileRef = 1548B6062A1943BF0010CD67 /* EmptyPlaceholderView.swift */; };
		1548B6092A1944AA0010CD67 /* DataFetchPhaseOverlayView.swift in Sources */ = {isa = PBXBuildFile; fileRef = 1548B6082A1944AA0010CD67 /* DataFetchPhaseOverlayView.swift */; };
		1548B6292A1A6FF00010CD67 /* search_tvshow.json in Resources */ = {isa = PBXBuildFile; fileRef = 1548B6282A1A6FF00010CD67 /* search_tvshow.json */; };
		1548B62B2A1A70490010CD67 /* tvshow_info.json in Resources */ = {isa = PBXBuildFile; fileRef = 1548B62A2A1A70490010CD67 /* tvshow_info.json */; };
		1548B62D2A1A70650010CD67 /* tvshow_list.json in Resources */ = {isa = PBXBuildFile; fileRef = 1548B62C2A1A70650010CD67 /* tvshow_list.json */; };
		1548B62F2A1A71410010CD67 /* TVShow.swift in Sources */ = {isa = PBXBuildFile; fileRef = 1548B62E2A1A71410010CD67 /* TVShow.swift */; };
		1548B6412A1A83DA0010CD67 /* TVShowThumbnailView.swift in Sources */ = {isa = PBXBuildFile; fileRef = 1548B6402A1A83DA0010CD67 /* TVShowThumbnailView.swift */; };
		1548B6432A1A85190010CD67 /* TVShowThumbnailCarouselView.swift in Sources */ = {isa = PBXBuildFile; fileRef = 1548B6422A1A85190010CD67 /* TVShowThumbnailCarouselView.swift */; };
		1548B6492A1A88630010CD67 /* TVShowDetailView.swift in Sources */ = {isa = PBXBuildFile; fileRef = 1548B6482A1A88630010CD67 /* TVShowDetailView.swift */; };
		1548B64B2A1A8A950010CD67 /* TVShowHomeView.swift in Sources */ = {isa = PBXBuildFile; fileRef = 1548B64A2A1A8A950010CD67 /* TVShowHomeView.swift */; };
		1548B6542A1AAD600010CD67 /* HomeView.swift in Sources */ = {isa = PBXBuildFile; fileRef = 1548B6532A1AAD600010CD67 /* HomeView.swift */; };
		1548B6562A1AAD730010CD67 /* MovieView.swift in Sources */ = {isa = PBXBuildFile; fileRef = 1548B6552A1AAD730010CD67 /* MovieView.swift */; };
		1548B6582A1AAD7C0010CD67 /* TVShowView.swift in Sources */ = {isa = PBXBuildFile; fileRef = 1548B6572A1AAD7C0010CD67 /* TVShowView.swift */; };
		154A49BC2A834199000E1B00 /* AuthViewModel.swift in Sources */ = {isa = PBXBuildFile; fileRef = 154A49BB2A834199000E1B00 /* AuthViewModel.swift */; };
		156520BD2A3384550063EB96 /* WatchlistrStore.swift in Sources */ = {isa = PBXBuildFile; fileRef = 156520BC2A3384550063EB96 /* WatchlistrStore.swift */; };
		156520BF2A338D340063EB96 /* WatchlistrService.swift in Sources */ = {isa = PBXBuildFile; fileRef = 156520BE2A338D340063EB96 /* WatchlistrService.swift */; };
		156520C12A338DD40063EB96 /* WatchlistrSections.swift in Sources */ = {isa = PBXBuildFile; fileRef = 156520C02A338DD40063EB96 /* WatchlistrSections.swift */; };
		156520C32A3397390063EB96 /* WatchlistrStubs.swift in Sources */ = {isa = PBXBuildFile; fileRef = 156520C22A3397390063EB96 /* WatchlistrStubs.swift */; };
		156520C72A339BA20063EB96 /* WatchlistrListState.swift in Sources */ = {isa = PBXBuildFile; fileRef = 156520C62A339BA20063EB96 /* WatchlistrListState.swift */; };
		156520C92A339C950063EB96 /* WatchlistrDetailState.swift in Sources */ = {isa = PBXBuildFile; fileRef = 156520C82A339C950063EB96 /* WatchlistrDetailState.swift */; };
		156520CB2A339CF00063EB96 /* WatchlistrHomeState.swift in Sources */ = {isa = PBXBuildFile; fileRef = 156520CA2A339CF00063EB96 /* WatchlistrHomeState.swift */; };
		156520CD2A339CFE0063EB96 /* WatchlistrSearchState.swift in Sources */ = {isa = PBXBuildFile; fileRef = 156520CC2A339CFE0063EB96 /* WatchlistrSearchState.swift */; };
		1565D2DD2A15589300AC38A4 /* WatchlistrApp.swift in Sources */ = {isa = PBXBuildFile; fileRef = 1565D2DC2A15589300AC38A4 /* WatchlistrApp.swift */; };
		1565D2DF2A15589300AC38A4 /* ContentView.swift in Sources */ = {isa = PBXBuildFile; fileRef = 1565D2DE2A15589300AC38A4 /* ContentView.swift */; };
		1565D2E12A15589300AC38A4 /* Assets.xcassets in Resources */ = {isa = PBXBuildFile; fileRef = 1565D2E02A15589300AC38A4 /* Assets.xcassets */; };
		1565D2E42A15589300AC38A4 /* Preview Assets.xcassets in Resources */ = {isa = PBXBuildFile; fileRef = 1565D2E32A15589300AC38A4 /* Preview Assets.xcassets */; };
		1565D2EC2A15591700AC38A4 /* Movie.swift in Sources */ = {isa = PBXBuildFile; fileRef = 1565D2EB2A15591700AC38A4 /* Movie.swift */; };
		1565D2F32A15600500AC38A4 /* Utils.swift in Sources */ = {isa = PBXBuildFile; fileRef = 1565D2F22A15600500AC38A4 /* Utils.swift */; };
		1565D2F82A156F4400AC38A4 /* movie_list.json in Resources */ = {isa = PBXBuildFile; fileRef = 1565D2F72A156F4400AC38A4 /* movie_list.json */; };
		1565D2FA2A156F8E00AC38A4 /* movie_info.json in Resources */ = {isa = PBXBuildFile; fileRef = 1565D2F92A156F8E00AC38A4 /* movie_info.json */; };
		1565D2FC2A156FBE00AC38A4 /* search_movie.json in Resources */ = {isa = PBXBuildFile; fileRef = 1565D2FB2A156FBE00AC38A4 /* search_movie.json */; };
		1565D3022A1573BE00AC38A4 /* ImageLoader.swift in Sources */ = {isa = PBXBuildFile; fileRef = 1565D3012A1573BE00AC38A4 /* ImageLoader.swift */; };
		15BC66ED2A16BCEE00EB23D2 /* MovieThumbnailView.swift in Sources */ = {isa = PBXBuildFile; fileRef = 15BC66EC2A16BCEE00EB23D2 /* MovieThumbnailView.swift */; };
		15BC66EF2A16BF2E00EB23D2 /* MovieThumbnailCarouselView.swift in Sources */ = {isa = PBXBuildFile; fileRef = 15BC66EE2A16BF2E00EB23D2 /* MovieThumbnailCarouselView.swift */; };
		15BC66F12A16C38900EB23D2 /* MovieHomeView.swift in Sources */ = {isa = PBXBuildFile; fileRef = 15BC66F02A16C38900EB23D2 /* MovieHomeView.swift */; };
		15BC66F62A16C7CC00EB23D2 /* ActivityIndicatorView.swift in Sources */ = {isa = PBXBuildFile; fileRef = 15BC66F52A16C7CC00EB23D2 /* ActivityIndicatorView.swift */; };
		15BC66F82A16C8BB00EB23D2 /* LoadingView.swift in Sources */ = {isa = PBXBuildFile; fileRef = 15BC66F72A16C8BB00EB23D2 /* LoadingView.swift */; };
		15BC66FC2A16D56100EB23D2 /* MovieDetailView.swift in Sources */ = {isa = PBXBuildFile; fileRef = 15BC66FB2A16D56100EB23D2 /* MovieDetailView.swift */; };
		15BC67002A16E86F00EB23D2 /* SafariView.swift in Sources */ = {isa = PBXBuildFile; fileRef = 15BC66FF2A16E86F00EB23D2 /* SafariView.swift */; };
		15BC67042A16F77100EB23D2 /* SearchBar.swift in Sources */ = {isa = PBXBuildFile; fileRef = 15BC67032A16F77100EB23D2 /* SearchBar.swift */; };
/* End PBXBuildFile section */

/* Begin PBXFileReference section */
		1548B6012A19424D0010CD67 /* DataFetchPhase.swift */ = {isa = PBXFileReference; lastKnownFileType = sourcecode.swift; path = DataFetchPhase.swift; sourceTree = "<group>"; };
		1548B6042A1942E60010CD67 /* RetryView.swift */ = {isa = PBXFileReference; lastKnownFileType = sourcecode.swift; path = RetryView.swift; sourceTree = "<group>"; };
		1548B6062A1943BF0010CD67 /* EmptyPlaceholderView.swift */ = {isa = PBXFileReference; lastKnownFileType = sourcecode.swift; path = EmptyPlaceholderView.swift; sourceTree = "<group>"; };
		1548B6082A1944AA0010CD67 /* DataFetchPhaseOverlayView.swift */ = {isa = PBXFileReference; lastKnownFileType = sourcecode.swift; path = DataFetchPhaseOverlayView.swift; sourceTree = "<group>"; };
		1548B6282A1A6FF00010CD67 /* search_tvshow.json */ = {isa = PBXFileReference; lastKnownFileType = text.json; path = search_tvshow.json; sourceTree = "<group>"; };
		1548B62A2A1A70490010CD67 /* tvshow_info.json */ = {isa = PBXFileReference; lastKnownFileType = text.json; path = tvshow_info.json; sourceTree = "<group>"; };
		1548B62C2A1A70650010CD67 /* tvshow_list.json */ = {isa = PBXFileReference; lastKnownFileType = text.json; path = tvshow_list.json; sourceTree = "<group>"; };
		1548B62E2A1A71410010CD67 /* TVShow.swift */ = {isa = PBXFileReference; lastKnownFileType = sourcecode.swift; path = TVShow.swift; sourceTree = "<group>"; };
		1548B6402A1A83DA0010CD67 /* TVShowThumbnailView.swift */ = {isa = PBXFileReference; lastKnownFileType = sourcecode.swift; path = TVShowThumbnailView.swift; sourceTree = "<group>"; };
		1548B6422A1A85190010CD67 /* TVShowThumbnailCarouselView.swift */ = {isa = PBXFileReference; lastKnownFileType = sourcecode.swift; path = TVShowThumbnailCarouselView.swift; sourceTree = "<group>"; };
		1548B6482A1A88630010CD67 /* TVShowDetailView.swift */ = {isa = PBXFileReference; lastKnownFileType = sourcecode.swift; path = TVShowDetailView.swift; sourceTree = "<group>"; };
		1548B64A2A1A8A950010CD67 /* TVShowHomeView.swift */ = {isa = PBXFileReference; lastKnownFileType = sourcecode.swift; path = TVShowHomeView.swift; sourceTree = "<group>"; };
		1548B6532A1AAD600010CD67 /* HomeView.swift */ = {isa = PBXFileReference; lastKnownFileType = sourcecode.swift; path = HomeView.swift; sourceTree = "<group>"; };
		1548B6552A1AAD730010CD67 /* MovieView.swift */ = {isa = PBXFileReference; lastKnownFileType = sourcecode.swift; path = MovieView.swift; sourceTree = "<group>"; };
		1548B6572A1AAD7C0010CD67 /* TVShowView.swift */ = {isa = PBXFileReference; lastKnownFileType = sourcecode.swift; path = TVShowView.swift; sourceTree = "<group>"; };
		154A49BB2A834199000E1B00 /* AuthViewModel.swift */ = {isa = PBXFileReference; lastKnownFileType = sourcecode.swift; path = AuthViewModel.swift; sourceTree = "<group>"; };
		156520BC2A3384550063EB96 /* WatchlistrStore.swift */ = {isa = PBXFileReference; lastKnownFileType = sourcecode.swift; path = WatchlistrStore.swift; sourceTree = "<group>"; };
		156520BE2A338D340063EB96 /* WatchlistrService.swift */ = {isa = PBXFileReference; lastKnownFileType = sourcecode.swift; path = WatchlistrService.swift; sourceTree = "<group>"; };
		156520C02A338DD40063EB96 /* WatchlistrSections.swift */ = {isa = PBXFileReference; lastKnownFileType = sourcecode.swift; path = WatchlistrSections.swift; sourceTree = "<group>"; };
		156520C22A3397390063EB96 /* WatchlistrStubs.swift */ = {isa = PBXFileReference; lastKnownFileType = sourcecode.swift; path = WatchlistrStubs.swift; sourceTree = "<group>"; };
		156520C62A339BA20063EB96 /* WatchlistrListState.swift */ = {isa = PBXFileReference; lastKnownFileType = sourcecode.swift; path = WatchlistrListState.swift; sourceTree = "<group>"; };
		156520C82A339C950063EB96 /* WatchlistrDetailState.swift */ = {isa = PBXFileReference; lastKnownFileType = sourcecode.swift; path = WatchlistrDetailState.swift; sourceTree = "<group>"; };
		156520CA2A339CF00063EB96 /* WatchlistrHomeState.swift */ = {isa = PBXFileReference; lastKnownFileType = sourcecode.swift; path = WatchlistrHomeState.swift; sourceTree = "<group>"; };
		156520CC2A339CFE0063EB96 /* WatchlistrSearchState.swift */ = {isa = PBXFileReference; lastKnownFileType = sourcecode.swift; path = WatchlistrSearchState.swift; sourceTree = "<group>"; };
		1565D2D92A15589300AC38A4 /* Watchlistr.app */ = {isa = PBXFileReference; explicitFileType = wrapper.application; includeInIndex = 0; path = Watchlistr.app; sourceTree = BUILT_PRODUCTS_DIR; };
		1565D2DC2A15589300AC38A4 /* WatchlistrApp.swift */ = {isa = PBXFileReference; lastKnownFileType = sourcecode.swift; path = WatchlistrApp.swift; sourceTree = "<group>"; };
		1565D2DE2A15589300AC38A4 /* ContentView.swift */ = {isa = PBXFileReference; lastKnownFileType = sourcecode.swift; path = ContentView.swift; sourceTree = "<group>"; };
		1565D2E02A15589300AC38A4 /* Assets.xcassets */ = {isa = PBXFileReference; lastKnownFileType = folder.assetcatalog; path = Assets.xcassets; sourceTree = "<group>"; };
		1565D2E32A15589300AC38A4 /* Preview Assets.xcassets */ = {isa = PBXFileReference; lastKnownFileType = folder.assetcatalog; path = "Preview Assets.xcassets"; sourceTree = "<group>"; };
		1565D2EB2A15591700AC38A4 /* Movie.swift */ = {isa = PBXFileReference; lastKnownFileType = sourcecode.swift; path = Movie.swift; sourceTree = "<group>"; };
		1565D2F22A15600500AC38A4 /* Utils.swift */ = {isa = PBXFileReference; lastKnownFileType = sourcecode.swift; path = Utils.swift; sourceTree = "<group>"; };
		1565D2F72A156F4400AC38A4 /* movie_list.json */ = {isa = PBXFileReference; lastKnownFileType = text.json; path = movie_list.json; sourceTree = "<group>"; };
		1565D2F92A156F8E00AC38A4 /* movie_info.json */ = {isa = PBXFileReference; lastKnownFileType = text.json; path = movie_info.json; sourceTree = "<group>"; };
		1565D2FB2A156FBE00AC38A4 /* search_movie.json */ = {isa = PBXFileReference; lastKnownFileType = text.json; path = search_movie.json; sourceTree = "<group>"; };
		1565D3012A1573BE00AC38A4 /* ImageLoader.swift */ = {isa = PBXFileReference; lastKnownFileType = sourcecode.swift; path = ImageLoader.swift; sourceTree = "<group>"; };
		15BC66EC2A16BCEE00EB23D2 /* MovieThumbnailView.swift */ = {isa = PBXFileReference; lastKnownFileType = sourcecode.swift; path = MovieThumbnailView.swift; sourceTree = "<group>"; };
		15BC66EE2A16BF2E00EB23D2 /* MovieThumbnailCarouselView.swift */ = {isa = PBXFileReference; lastKnownFileType = sourcecode.swift; path = MovieThumbnailCarouselView.swift; sourceTree = "<group>"; };
		15BC66F02A16C38900EB23D2 /* MovieHomeView.swift */ = {isa = PBXFileReference; lastKnownFileType = sourcecode.swift; path = MovieHomeView.swift; sourceTree = "<group>"; };
		15BC66F52A16C7CC00EB23D2 /* ActivityIndicatorView.swift */ = {isa = PBXFileReference; lastKnownFileType = sourcecode.swift; path = ActivityIndicatorView.swift; sourceTree = "<group>"; };
		15BC66F72A16C8BB00EB23D2 /* LoadingView.swift */ = {isa = PBXFileReference; lastKnownFileType = sourcecode.swift; path = LoadingView.swift; sourceTree = "<group>"; };
		15BC66FB2A16D56100EB23D2 /* MovieDetailView.swift */ = {isa = PBXFileReference; lastKnownFileType = sourcecode.swift; path = MovieDetailView.swift; sourceTree = "<group>"; };
		15BC66FF2A16E86F00EB23D2 /* SafariView.swift */ = {isa = PBXFileReference; lastKnownFileType = sourcecode.swift; path = SafariView.swift; sourceTree = "<group>"; };
		15BC67032A16F77100EB23D2 /* SearchBar.swift */ = {isa = PBXFileReference; lastKnownFileType = sourcecode.swift; path = SearchBar.swift; sourceTree = "<group>"; };
/* End PBXFileReference section */

/* Begin PBXFrameworksBuildPhase section */
		1565D2D62A15589300AC38A4 /* Frameworks */ = {
			isa = PBXFrameworksBuildPhase;
			buildActionMask = 2147483647;
			files = (
			);
			runOnlyForDeploymentPostprocessing = 0;
		};
/* End PBXFrameworksBuildPhase section */

/* Begin PBXGroup section */
		1548B6032A1942CA0010CD67 /* OverlayViews */ = {
			isa = PBXGroup;
			children = (
				1548B6042A1942E60010CD67 /* RetryView.swift */,
				1548B6062A1943BF0010CD67 /* EmptyPlaceholderView.swift */,
				1548B6082A1944AA0010CD67 /* DataFetchPhaseOverlayView.swift */,
			);
			path = OverlayViews;
			sourceTree = "<group>";
		};
		1548B6522A1AAD480010CD67 /* Tabs */ = {
			isa = PBXGroup;
			children = (
				1548B6532A1AAD600010CD67 /* HomeView.swift */,
				1548B6552A1AAD730010CD67 /* MovieView.swift */,
				1548B6572A1AAD7C0010CD67 /* TVShowView.swift */,
			);
			path = Tabs;
			sourceTree = "<group>";
		};
		1565D2D02A15589300AC38A4 = {
			isa = PBXGroup;
			children = (
				1565D2DB2A15589300AC38A4 /* Watchlistr */,
				1565D2DA2A15589300AC38A4 /* Products */,
			);
			sourceTree = "<group>";
		};
		1565D2DA2A15589300AC38A4 /* Products */ = {
			isa = PBXGroup;
			children = (
				1565D2D92A15589300AC38A4 /* Watchlistr.app */,
			);
			name = Products;
			sourceTree = "<group>";
		};
		1565D2DB2A15589300AC38A4 /* Watchlistr */ = {
			isa = PBXGroup;
			children = (
				1565D2DC2A15589300AC38A4 /* WatchlistrApp.swift */,
				1565D2F22A15600500AC38A4 /* Utils.swift */,
				1565D2DE2A15589300AC38A4 /* ContentView.swift */,
				1548B6522A1AAD480010CD67 /* Tabs */,
				1565D3002A1573AA00AC38A4 /* Bindings */,
				1565D2FD2A15737400AC38A4 /* Views */,
				1565D2F62A156E9B00AC38A4 /* Resources */,
				1565D2ED2A1559F200AC38A4 /* Services */,
				1565D2EA2A15590700AC38A4 /* Models */,
				1565D2E02A15589300AC38A4 /* Assets.xcassets */,
				1565D2E22A15589300AC38A4 /* Preview Content */,
			);
			path = Watchlistr;
			sourceTree = "<group>";
		};
		1565D2E22A15589300AC38A4 /* Preview Content */ = {
			isa = PBXGroup;
			children = (
				1565D2E32A15589300AC38A4 /* Preview Assets.xcassets */,
			);
			path = "Preview Content";
			sourceTree = "<group>";
		};
		1565D2EA2A15590700AC38A4 /* Models */ = {
			isa = PBXGroup;
			children = (
				154A49BB2A834199000E1B00 /* AuthViewModel.swift */,
				1565D2EB2A15591700AC38A4 /* Movie.swift */,
				1548B6012A19424D0010CD67 /* DataFetchPhase.swift */,
				1548B62E2A1A71410010CD67 /* TVShow.swift */,
				156520C02A338DD40063EB96 /* WatchlistrSections.swift */,
				156520C22A3397390063EB96 /* WatchlistrStubs.swift */,
			);
			path = Models;
			sourceTree = "<group>";
		};
		1565D2ED2A1559F200AC38A4 /* Services */ = {
			isa = PBXGroup;
			children = (
				156520BC2A3384550063EB96 /* WatchlistrStore.swift */,
				156520BE2A338D340063EB96 /* WatchlistrService.swift */,
			);
			path = Services;
			sourceTree = "<group>";
		};
		1565D2F62A156E9B00AC38A4 /* Resources */ = {
			isa = PBXGroup;
			children = (
				1565D2F72A156F4400AC38A4 /* movie_list.json */,
				1565D2F92A156F8E00AC38A4 /* movie_info.json */,
				1565D2FB2A156FBE00AC38A4 /* search_movie.json */,
				1548B6282A1A6FF00010CD67 /* search_tvshow.json */,
				1548B62A2A1A70490010CD67 /* tvshow_info.json */,
				1548B62C2A1A70650010CD67 /* tvshow_list.json */,
			);
			path = Resources;
			sourceTree = "<group>";
		};
		1565D2FD2A15737400AC38A4 /* Views */ = {
			isa = PBXGroup;
			children = (
				1548B6032A1942CA0010CD67 /* OverlayViews */,
				15BC66F42A16C78200EB23D2 /* UIKitViews */,
				15BC66EC2A16BCEE00EB23D2 /* MovieThumbnailView.swift */,
				15BC66EE2A16BF2E00EB23D2 /* MovieThumbnailCarouselView.swift */,
				15BC66F02A16C38900EB23D2 /* MovieHomeView.swift */,
				15BC66FB2A16D56100EB23D2 /* MovieDetailView.swift */,
				1548B6402A1A83DA0010CD67 /* TVShowThumbnailView.swift */,
				1548B6422A1A85190010CD67 /* TVShowThumbnailCarouselView.swift */,
				1548B6482A1A88630010CD67 /* TVShowDetailView.swift */,
				1548B64A2A1A8A950010CD67 /* TVShowHomeView.swift */,
			);
			path = Views;
			sourceTree = "<group>";
		};
		1565D3002A1573AA00AC38A4 /* Bindings */ = {
			isa = PBXGroup;
			children = (
				1565D3012A1573BE00AC38A4 /* ImageLoader.swift */,
				156520C62A339BA20063EB96 /* WatchlistrListState.swift */,
				156520C82A339C950063EB96 /* WatchlistrDetailState.swift */,
				156520CA2A339CF00063EB96 /* WatchlistrHomeState.swift */,
				156520CC2A339CFE0063EB96 /* WatchlistrSearchState.swift */,
			);
			path = Bindings;
			sourceTree = "<group>";
		};
		15BC66F42A16C78200EB23D2 /* UIKitViews */ = {
			isa = PBXGroup;
			children = (
				15BC66F72A16C8BB00EB23D2 /* LoadingView.swift */,
				15BC66F52A16C7CC00EB23D2 /* ActivityIndicatorView.swift */,
				15BC66FF2A16E86F00EB23D2 /* SafariView.swift */,
				15BC67032A16F77100EB23D2 /* SearchBar.swift */,
			);
			path = UIKitViews;
			sourceTree = "<group>";
		};
/* End PBXGroup section */

/* Begin PBXNativeTarget section */
		1565D2D82A15589300AC38A4 /* Watchlistr */ = {
			isa = PBXNativeTarget;
			buildConfigurationList = 1565D2E72A15589300AC38A4 /* Build configuration list for PBXNativeTarget "Watchlistr" */;
			buildPhases = (
				1565D2D52A15589300AC38A4 /* Sources */,
				1565D2D62A15589300AC38A4 /* Frameworks */,
				1565D2D72A15589300AC38A4 /* Resources */,
			);
			buildRules = (
			);
			dependencies = (
			);
			name = Watchlistr;
			productName = Watchlistr;
			productReference = 1565D2D92A15589300AC38A4 /* Watchlistr.app */;
			productType = "com.apple.product-type.application";
		};
/* End PBXNativeTarget section */

/* Begin PBXProject section */
		1565D2D12A15589300AC38A4 /* Project object */ = {
			isa = PBXProject;
			attributes = {
				BuildIndependentTargetsInParallel = 1;
				LastSwiftUpdateCheck = 1430;
				LastUpgradeCheck = 1430;
				TargetAttributes = {
					1565D2D82A15589300AC38A4 = {
						CreatedOnToolsVersion = 14.3;
					};
				};
			};
			buildConfigurationList = 1565D2D42A15589300AC38A4 /* Build configuration list for PBXProject "Watchlistr" */;
			compatibilityVersion = "Xcode 14.0";
			developmentRegion = en;
			hasScannedForEncodings = 0;
			knownRegions = (
				en,
				Base,
			);
			mainGroup = 1565D2D02A15589300AC38A4;
			productRefGroup = 1565D2DA2A15589300AC38A4 /* Products */;
			projectDirPath = "";
			projectRoot = "";
			targets = (
				1565D2D82A15589300AC38A4 /* Watchlistr */,
			);
		};
/* End PBXProject section */

/* Begin PBXResourcesBuildPhase section */
		1565D2D72A15589300AC38A4 /* Resources */ = {
			isa = PBXResourcesBuildPhase;
			buildActionMask = 2147483647;
			files = (
				1548B6292A1A6FF00010CD67 /* search_tvshow.json in Resources */,
				1565D2E42A15589300AC38A4 /* Preview Assets.xcassets in Resources */,
				1565D2F82A156F4400AC38A4 /* movie_list.json in Resources */,
				1548B62B2A1A70490010CD67 /* tvshow_info.json in Resources */,
				1565D2FA2A156F8E00AC38A4 /* movie_info.json in Resources */,
				1565D2FC2A156FBE00AC38A4 /* search_movie.json in Resources */,
				1548B62D2A1A70650010CD67 /* tvshow_list.json in Resources */,
				1565D2E12A15589300AC38A4 /* Assets.xcassets in Resources */,
			);
			runOnlyForDeploymentPostprocessing = 0;
		};
/* End PBXResourcesBuildPhase section */

/* Begin PBXSourcesBuildPhase section */
		1565D2D52A15589300AC38A4 /* Sources */ = {
			isa = PBXSourcesBuildPhase;
			buildActionMask = 2147483647;
			files = (
				1565D2DF2A15589300AC38A4 /* ContentView.swift in Sources */,
				1548B6432A1A85190010CD67 /* TVShowThumbnailCarouselView.swift in Sources */,
				1565D2DD2A15589300AC38A4 /* WatchlistrApp.swift in Sources */,
				1548B6092A1944AA0010CD67 /* DataFetchPhaseOverlayView.swift in Sources */,
				156520BD2A3384550063EB96 /* WatchlistrStore.swift in Sources */,
				1548B6542A1AAD600010CD67 /* HomeView.swift in Sources */,
				15BC66ED2A16BCEE00EB23D2 /* MovieThumbnailView.swift in Sources */,
				15BC66F82A16C8BB00EB23D2 /* LoadingView.swift in Sources */,
				1548B6412A1A83DA0010CD67 /* TVShowThumbnailView.swift in Sources */,
				156520C72A339BA20063EB96 /* WatchlistrListState.swift in Sources */,
				1548B6052A1942E60010CD67 /* RetryView.swift in Sources */,
				156520C12A338DD40063EB96 /* WatchlistrSections.swift in Sources */,
				15BC66F62A16C7CC00EB23D2 /* ActivityIndicatorView.swift in Sources */,
				15BC66EF2A16BF2E00EB23D2 /* MovieThumbnailCarouselView.swift in Sources */,
				1548B6492A1A88630010CD67 /* TVShowDetailView.swift in Sources */,
				1548B6072A1943BF0010CD67 /* EmptyPlaceholderView.swift in Sources */,
				156520CB2A339CF00063EB96 /* WatchlistrHomeState.swift in Sources */,
				1548B6582A1AAD7C0010CD67 /* TVShowView.swift in Sources */,
				1565D3022A1573BE00AC38A4 /* ImageLoader.swift in Sources */,
				15BC67002A16E86F00EB23D2 /* SafariView.swift in Sources */,
				15BC67042A16F77100EB23D2 /* SearchBar.swift in Sources */,
				1548B6022A19424D0010CD67 /* DataFetchPhase.swift in Sources */,
				1548B64B2A1A8A950010CD67 /* TVShowHomeView.swift in Sources */,
				156520C32A3397390063EB96 /* WatchlistrStubs.swift in Sources */,
				154A49BC2A834199000E1B00 /* AuthViewModel.swift in Sources */,
				1565D2EC2A15591700AC38A4 /* Movie.swift in Sources */,
				156520CD2A339CFE0063EB96 /* WatchlistrSearchState.swift in Sources */,
				156520C92A339C950063EB96 /* WatchlistrDetailState.swift in Sources */,
				15BC66FC2A16D56100EB23D2 /* MovieDetailView.swift in Sources */,
				15BC66F12A16C38900EB23D2 /* MovieHomeView.swift in Sources */,
				1548B6562A1AAD730010CD67 /* MovieView.swift in Sources */,
				156520BF2A338D340063EB96 /* WatchlistrService.swift in Sources */,
				1565D2F32A15600500AC38A4 /* Utils.swift in Sources */,
				1548B62F2A1A71410010CD67 /* TVShow.swift in Sources */,
			);
			runOnlyForDeploymentPostprocessing = 0;
		};
/* End PBXSourcesBuildPhase section */

/* Begin XCBuildConfiguration section */
		1565D2E52A15589300AC38A4 /* Debug */ = {
			isa = XCBuildConfiguration;
			buildSettings = {
				ALWAYS_SEARCH_USER_PATHS = NO;
				CLANG_ANALYZER_NONNULL = YES;
				CLANG_ANALYZER_NUMBER_OBJECT_CONVERSION = YES_AGGRESSIVE;
				CLANG_CXX_LANGUAGE_STANDARD = "gnu++20";
				CLANG_ENABLE_MODULES = YES;
				CLANG_ENABLE_OBJC_ARC = YES;
				CLANG_ENABLE_OBJC_WEAK = YES;
				CLANG_WARN_BLOCK_CAPTURE_AUTORELEASING = YES;
				CLANG_WARN_BOOL_CONVERSION = YES;
				CLANG_WARN_COMMA = YES;
				CLANG_WARN_CONSTANT_CONVERSION = YES;
				CLANG_WARN_DEPRECATED_OBJC_IMPLEMENTATIONS = YES;
				CLANG_WARN_DIRECT_OBJC_ISA_USAGE = YES_ERROR;
				CLANG_WARN_DOCUMENTATION_COMMENTS = YES;
				CLANG_WARN_EMPTY_BODY = YES;
				CLANG_WARN_ENUM_CONVERSION = YES;
				CLANG_WARN_INFINITE_RECURSION = YES;
				CLANG_WARN_INT_CONVERSION = YES;
				CLANG_WARN_NON_LITERAL_NULL_CONVERSION = YES;
				CLANG_WARN_OBJC_IMPLICIT_RETAIN_SELF = YES;
				CLANG_WARN_OBJC_LITERAL_CONVERSION = YES;
				CLANG_WARN_OBJC_ROOT_CLASS = YES_ERROR;
				CLANG_WARN_QUOTED_INCLUDE_IN_FRAMEWORK_HEADER = YES;
				CLANG_WARN_RANGE_LOOP_ANALYSIS = YES;
				CLANG_WARN_STRICT_PROTOTYPES = YES;
				CLANG_WARN_SUSPICIOUS_MOVE = YES;
				CLANG_WARN_UNGUARDED_AVAILABILITY = YES_AGGRESSIVE;
				CLANG_WARN_UNREACHABLE_CODE = YES;
				CLANG_WARN__DUPLICATE_METHOD_MATCH = YES;
				COPY_PHASE_STRIP = NO;
				DEBUG_INFORMATION_FORMAT = dwarf;
				ENABLE_STRICT_OBJC_MSGSEND = YES;
				ENABLE_TESTABILITY = YES;
				GCC_C_LANGUAGE_STANDARD = gnu11;
				GCC_DYNAMIC_NO_PIC = NO;
				GCC_NO_COMMON_BLOCKS = YES;
				GCC_OPTIMIZATION_LEVEL = 0;
				GCC_PREPROCESSOR_DEFINITIONS = (
					"DEBUG=1",
					"$(inherited)",
				);
				GCC_WARN_64_TO_32_BIT_CONVERSION = YES;
				GCC_WARN_ABOUT_RETURN_TYPE = YES_ERROR;
				GCC_WARN_UNDECLARED_SELECTOR = YES;
				GCC_WARN_UNINITIALIZED_AUTOS = YES_AGGRESSIVE;
				GCC_WARN_UNUSED_FUNCTION = YES;
				GCC_WARN_UNUSED_VARIABLE = YES;
				IPHONEOS_DEPLOYMENT_TARGET = 15.0;
				MTL_ENABLE_DEBUG_INFO = INCLUDE_SOURCE;
				MTL_FAST_MATH = YES;
				ONLY_ACTIVE_ARCH = YES;
				SDKROOT = iphoneos;
				SWIFT_ACTIVE_COMPILATION_CONDITIONS = DEBUG;
				SWIFT_OPTIMIZATION_LEVEL = "-Onone";
			};
			name = Debug;
		};
		1565D2E62A15589300AC38A4 /* Release */ = {
			isa = XCBuildConfiguration;
			buildSettings = {
				ALWAYS_SEARCH_USER_PATHS = NO;
				CLANG_ANALYZER_NONNULL = YES;
				CLANG_ANALYZER_NUMBER_OBJECT_CONVERSION = YES_AGGRESSIVE;
				CLANG_CXX_LANGUAGE_STANDARD = "gnu++20";
				CLANG_ENABLE_MODULES = YES;
				CLANG_ENABLE_OBJC_ARC = YES;
				CLANG_ENABLE_OBJC_WEAK = YES;
				CLANG_WARN_BLOCK_CAPTURE_AUTORELEASING = YES;
				CLANG_WARN_BOOL_CONVERSION = YES;
				CLANG_WARN_COMMA = YES;
				CLANG_WARN_CONSTANT_CONVERSION = YES;
				CLANG_WARN_DEPRECATED_OBJC_IMPLEMENTATIONS = YES;
				CLANG_WARN_DIRECT_OBJC_ISA_USAGE = YES_ERROR;
				CLANG_WARN_DOCUMENTATION_COMMENTS = YES;
				CLANG_WARN_EMPTY_BODY = YES;
				CLANG_WARN_ENUM_CONVERSION = YES;
				CLANG_WARN_INFINITE_RECURSION = YES;
				CLANG_WARN_INT_CONVERSION = YES;
				CLANG_WARN_NON_LITERAL_NULL_CONVERSION = YES;
				CLANG_WARN_OBJC_IMPLICIT_RETAIN_SELF = YES;
				CLANG_WARN_OBJC_LITERAL_CONVERSION = YES;
				CLANG_WARN_OBJC_ROOT_CLASS = YES_ERROR;
				CLANG_WARN_QUOTED_INCLUDE_IN_FRAMEWORK_HEADER = YES;
				CLANG_WARN_RANGE_LOOP_ANALYSIS = YES;
				CLANG_WARN_STRICT_PROTOTYPES = YES;
				CLANG_WARN_SUSPICIOUS_MOVE = YES;
				CLANG_WARN_UNGUARDED_AVAILABILITY = YES_AGGRESSIVE;
				CLANG_WARN_UNREACHABLE_CODE = YES;
				CLANG_WARN__DUPLICATE_METHOD_MATCH = YES;
				COPY_PHASE_STRIP = NO;
				DEBUG_INFORMATION_FORMAT = "dwarf-with-dsym";
				ENABLE_NS_ASSERTIONS = NO;
				ENABLE_STRICT_OBJC_MSGSEND = YES;
				GCC_C_LANGUAGE_STANDARD = gnu11;
				GCC_NO_COMMON_BLOCKS = YES;
				GCC_WARN_64_TO_32_BIT_CONVERSION = YES;
				GCC_WARN_ABOUT_RETURN_TYPE = YES_ERROR;
				GCC_WARN_UNDECLARED_SELECTOR = YES;
				GCC_WARN_UNINITIALIZED_AUTOS = YES_AGGRESSIVE;
				GCC_WARN_UNUSED_FUNCTION = YES;
				GCC_WARN_UNUSED_VARIABLE = YES;
				IPHONEOS_DEPLOYMENT_TARGET = 15.0;
				MTL_ENABLE_DEBUG_INFO = NO;
				MTL_FAST_MATH = YES;
				SDKROOT = iphoneos;
				SWIFT_COMPILATION_MODE = wholemodule;
				SWIFT_OPTIMIZATION_LEVEL = "-O";
				VALIDATE_PRODUCT = YES;
			};
			name = Release;
		};
		1565D2E82A15589300AC38A4 /* Debug */ = {
			isa = XCBuildConfiguration;
			buildSettings = {
				ASSETCATALOG_COMPILER_APPICON_NAME = AppIcon;
				ASSETCATALOG_COMPILER_GLOBAL_ACCENT_COLOR_NAME = AccentColor;
				CODE_SIGN_STYLE = Automatic;
				CURRENT_PROJECT_VERSION = 1;
				DEVELOPMENT_ASSET_PATHS = "\"Watchlistr/Preview Content\"";
				DEVELOPMENT_TEAM = RZB7U5UTY4;
				ENABLE_PREVIEWS = YES;
				GENERATE_INFOPLIST_FILE = YES;
				INFOPLIST_KEY_UIApplicationSceneManifest_Generation = YES;
				INFOPLIST_KEY_UIApplicationSupportsIndirectInputEvents = YES;
				INFOPLIST_KEY_UILaunchScreen_Generation = YES;
				INFOPLIST_KEY_UISupportedInterfaceOrientations_iPad = "UIInterfaceOrientationPortrait UIInterfaceOrientationPortraitUpsideDown UIInterfaceOrientationLandscapeLeft UIInterfaceOrientationLandscapeRight";
				INFOPLIST_KEY_UISupportedInterfaceOrientations_iPhone = "UIInterfaceOrientationPortrait UIInterfaceOrientationLandscapeLeft UIInterfaceOrientationLandscapeRight";
				IPHONEOS_DEPLOYMENT_TARGET = 15.0;
				LD_RUNPATH_SEARCH_PATHS = (
					"$(inherited)",
					"@executable_path/Frameworks",
				);
				MARKETING_VERSION = 1.0;
				PRODUCT_BUNDLE_IDENTIFIER = com.devzano.Watchlistr;
				PRODUCT_NAME = "$(TARGET_NAME)";
				SUPPORTED_PLATFORMS = "iphoneos iphonesimulator";
				SUPPORTS_MACCATALYST = NO;
				SUPPORTS_MAC_DESIGNED_FOR_IPHONE_IPAD = NO;
				SWIFT_EMIT_LOC_STRINGS = YES;
				SWIFT_VERSION = 5.0;
				TARGETED_DEVICE_FAMILY = 1;
			};
			name = Debug;
		};
		1565D2E92A15589300AC38A4 /* Release */ = {
			isa = XCBuildConfiguration;
			buildSettings = {
				ASSETCATALOG_COMPILER_APPICON_NAME = AppIcon;
				ASSETCATALOG_COMPILER_GLOBAL_ACCENT_COLOR_NAME = AccentColor;
				CODE_SIGN_STYLE = Automatic;
				CURRENT_PROJECT_VERSION = 1;
				DEVELOPMENT_ASSET_PATHS = "\"Watchlistr/Preview Content\"";
				DEVELOPMENT_TEAM = RZB7U5UTY4;
				ENABLE_PREVIEWS = YES;
				GENERATE_INFOPLIST_FILE = YES;
				INFOPLIST_KEY_UIApplicationSceneManifest_Generation = YES;
				INFOPLIST_KEY_UIApplicationSupportsIndirectInputEvents = YES;
				INFOPLIST_KEY_UILaunchScreen_Generation = YES;
				INFOPLIST_KEY_UISupportedInterfaceOrientations_iPad = "UIInterfaceOrientationPortrait UIInterfaceOrientationPortraitUpsideDown UIInterfaceOrientationLandscapeLeft UIInterfaceOrientationLandscapeRight";
				INFOPLIST_KEY_UISupportedInterfaceOrientations_iPhone = "UIInterfaceOrientationPortrait UIInterfaceOrientationLandscapeLeft UIInterfaceOrientationLandscapeRight";
				IPHONEOS_DEPLOYMENT_TARGET = 15.0;
				LD_RUNPATH_SEARCH_PATHS = (
					"$(inherited)",
					"@executable_path/Frameworks",
				);
				MARKETING_VERSION = 1.0;
				PRODUCT_BUNDLE_IDENTIFIER = com.devzano.Watchlistr;
				PRODUCT_NAME = "$(TARGET_NAME)";
				SUPPORTED_PLATFORMS = "iphoneos iphonesimulator";
				SUPPORTS_MACCATALYST = NO;
				SUPPORTS_MAC_DESIGNED_FOR_IPHONE_IPAD = NO;
				SWIFT_EMIT_LOC_STRINGS = YES;
				SWIFT_VERSION = 5.0;
				TARGETED_DEVICE_FAMILY = 1;
			};
			name = Release;
		};
/* End XCBuildConfiguration section */

/* Begin XCConfigurationList section */
		1565D2D42A15589300AC38A4 /* Build configuration list for PBXProject "Watchlistr" */ = {
			isa = XCConfigurationList;
			buildConfigurations = (
				1565D2E52A15589300AC38A4 /* Debug */,
				1565D2E62A15589300AC38A4 /* Release */,
			);
			defaultConfigurationIsVisible = 0;
			defaultConfigurationName = Release;
		};
		1565D2E72A15589300AC38A4 /* Build configuration list for PBXNativeTarget "Watchlistr" */ = {
			isa = XCConfigurationList;
			buildConfigurations = (
				1565D2E82A15589300AC38A4 /* Debug */,
				1565D2E92A15589300AC38A4 /* Release */,
			);
			defaultConfigurationIsVisible = 0;
			defaultConfigurationName = Release;
		};
/* End XCConfigurationList section */
	};
	rootObject = 1565D2D12A15589300AC38A4 /* Project object */;
}
